{
  "version": 4,
  "terraform_version": "1.2.6",
  "serial": 235,
  "lineage": "c9eda2f3-9578-9964-9b35-e5b0b8cf38d4",
  "outputs": {},
  "resources": [
    {
      "module": "module.alb",
      "mode": "managed",
      "type": "aws_lb",
      "name": "main",
      "provider": "provider[\"registry.terraform.io/hashicorp/aws\"]",
      "instances": [
        {
          "schema_version": 0,
          "attributes": {
            "access_logs": [
              {
                "bucket": "",
                "enabled": false,
                "prefix": ""
              }
            ],
            "arn": "arn:aws:elasticloadbalancing:ap-south-1:265058194173:loadbalancer/app/ebitaus-alb-dev/82e7e46d5d9de7f0",
            "arn_suffix": "app/ebitaus-alb-dev/82e7e46d5d9de7f0",
            "customer_owned_ipv4_pool": "",
            "desync_mitigation_mode": "defensive",
            "dns_name": "ebitaus-alb-dev-1330708208.ap-south-1.elb.amazonaws.com",
            "drop_invalid_header_fields": false,
            "enable_cross_zone_load_balancing": true,
            "enable_deletion_protection": false,
            "enable_http2": true,
            "enable_tls_version_and_cipher_suite_headers": false,
            "enable_waf_fail_open": false,
            "enable_xff_client_port": false,
            "id": "arn:aws:elasticloadbalancing:ap-south-1:265058194173:loadbalancer/app/ebitaus-alb-dev/82e7e46d5d9de7f0",
            "idle_timeout": 60,
            "internal": false,
            "ip_address_type": "ipv4",
            "load_balancer_type": "application",
            "name": "ebitaus-alb-dev",
            "name_prefix": null,
            "preserve_host_header": false,
            "security_groups": [
              "sg-0ff19361fa863b180"
            ],
            "subnet_mapping": [
              {
                "allocation_id": "",
                "ipv6_address": "",
                "outpost_id": "",
                "private_ipv4_address": "",
                "subnet_id": "subnet-03947c0f564a0f027"
              },
              {
                "allocation_id": "",
                "ipv6_address": "",
                "outpost_id": "",
                "private_ipv4_address": "",
                "subnet_id": "subnet-099ab2b89efafb60b"
              },
              {
                "allocation_id": "",
                "ipv6_address": "",
                "outpost_id": "",
                "private_ipv4_address": "",
                "subnet_id": "subnet-0df78d3c1c4618e8b"
              }
            ],
            "subnets": [
              "subnet-03947c0f564a0f027",
              "subnet-099ab2b89efafb60b",
              "subnet-0df78d3c1c4618e8b"
            ],
            "tags": {
              "Environment": "dev",
              "Name": "ebitaus-alb-dev"
            },
            "tags_all": {
              "Environment": "dev",
              "Name": "ebitaus-alb-dev"
            },
            "timeouts": null,
            "vpc_id": "vpc-01b5af867be85d6f7",
            "xff_header_processing_mode": "append",
            "zone_id": "ZP97RAFLXTNZK"
          },
          "sensitive_attributes": [],
          "private": "eyJlMmJmYjczMC1lY2FhLTExZTYtOGY4OC0zNDM2M2JjN2M0YzAiOnsiY3JlYXRlIjo2MDAwMDAwMDAwMDAsImRlbGV0ZSI6NjAwMDAwMDAwMDAwLCJ1cGRhdGUiOjYwMDAwMDAwMDAwMH19",
          "dependencies": [
            "module.security_groups.aws_security_group.alb",
            "module.vpc.aws_subnet.public",
            "module.vpc.aws_vpc.main"
          ]
        }
      ]
    },
    {
      "module": "module.ecr",
      "mode": "data",
      "type": "aws_ecr_repository",
      "name": "main",
      "provider": "provider[\"registry.terraform.io/hashicorp/aws\"]",
      "instances": [
        {
          "index_key": 0,
          "schema_version": 0,
          "attributes": {
            "arn": "arn:aws:ecr:ap-south-1:265058194173:repository/frontend-service",
            "encryption_configuration": [
              {
                "encryption_type": "AES256",
                "kms_key": ""
              }
            ],
            "id": "frontend-service",
            "image_scanning_configuration": [
              {
                "scan_on_push": false
              }
            ],
            "image_tag_mutability": "MUTABLE",
            "most_recent_image_tags": [],
            "name": "frontend-service",
            "registry_id": "265058194173",
            "repository_url": "265058194173.dkr.ecr.ap-south-1.amazonaws.com/frontend-service",
            "tags": {
              "Environment": "dev",
              "Name": "ebitaus-ecr-dev"
            }
          },
          "sensitive_attributes": []
        },
        {
          "index_key": 1,
          "schema_version": 0,
          "attributes": {
            "arn": "arn:aws:ecr:ap-south-1:265058194173:repository/document-service",
            "encryption_configuration": [
              {
                "encryption_type": "AES256",
                "kms_key": ""
              }
            ],
            "id": "document-service",
            "image_scanning_configuration": [
              {
                "scan_on_push": false
              }
            ],
            "image_tag_mutability": "MUTABLE",
            "most_recent_image_tags": [],
            "name": "document-service",
            "registry_id": "265058194173",
            "repository_url": "265058194173.dkr.ecr.ap-south-1.amazonaws.com/document-service",
            "tags": {
              "Environment": "dev",
              "Name": "ebitaus-ecr-dev"
            }
          },
          "sensitive_attributes": []
        },
        {
          "index_key": 2,
          "schema_version": 0,
          "attributes": {
            "arn": "arn:aws:ecr:ap-south-1:265058194173:repository/user-service",
            "encryption_configuration": [
              {
                "encryption_type": "AES256",
                "kms_key": ""
              }
            ],
            "id": "user-service",
            "image_scanning_configuration": [
              {
                "scan_on_push": false
              }
            ],
            "image_tag_mutability": "MUTABLE",
            "most_recent_image_tags": [],
            "name": "user-service",
            "registry_id": "265058194173",
            "repository_url": "265058194173.dkr.ecr.ap-south-1.amazonaws.com/user-service",
            "tags": {
              "Environment": "dev",
              "Name": "ebitaus-ecr-dev"
            }
          },
          "sensitive_attributes": []
        },
        {
          "index_key": 3,
          "schema_version": 0,
          "attributes": {
            "arn": "arn:aws:ecr:ap-south-1:265058194173:repository/notify-service",
            "encryption_configuration": [
              {
                "encryption_type": "AES256",
                "kms_key": ""
              }
            ],
            "id": "notify-service",
            "image_scanning_configuration": [
              {
                "scan_on_push": false
              }
            ],
            "image_tag_mutability": "MUTABLE",
            "most_recent_image_tags": [],
            "name": "notify-service",
            "registry_id": "265058194173",
            "repository_url": "265058194173.dkr.ecr.ap-south-1.amazonaws.com/notify-service",
            "tags": {
              "Environment": "dev",
              "Name": "ebitaus-ecr-dev"
            }
          },
          "sensitive_attributes": []
        }
      ]
    },
    {
      "module": "module.ecr",
      "mode": "managed",
      "type": "aws_ecr_lifecycle_policy",
      "name": "main",
      "provider": "provider[\"registry.terraform.io/hashicorp/aws\"]",
      "instances": [
        {
          "index_key": 0,
          "schema_version": 0,
          "attributes": {
            "id": "frontend-service",
            "policy": "{\"rules\":[{\"action\":{\"type\":\"expire\"},\"description\":\"keep last 10 images\",\"rulePriority\":1,\"selection\":{\"countNumber\":10,\"countType\":\"imageCountMoreThan\",\"tagStatus\":\"any\"}}]}",
            "registry_id": "265058194173",
            "repository": "frontend-service"
          },
          "sensitive_attributes": [],
          "private": "bnVsbA==",
          "dependencies": [
            "module.ecr.aws_ecr_repository.main",
            "module.ecr.data.aws_ecr_repository.main"
          ]
        },
        {
          "index_key": 1,
          "schema_version": 0,
          "attributes": {
            "id": "document-service",
            "policy": "{\"rules\":[{\"action\":{\"type\":\"expire\"},\"description\":\"keep last 10 images\",\"rulePriority\":1,\"selection\":{\"countNumber\":10,\"countType\":\"imageCountMoreThan\",\"tagStatus\":\"any\"}}]}",
            "registry_id": "265058194173",
            "repository": "document-service"
          },
          "sensitive_attributes": [],
          "private": "bnVsbA==",
          "dependencies": [
            "module.ecr.aws_ecr_repository.main",
            "module.ecr.data.aws_ecr_repository.main"
          ]
        },
        {
          "index_key": 2,
          "schema_version": 0,
          "attributes": {
            "id": "user-service",
            "policy": "{\"rules\":[{\"action\":{\"type\":\"expire\"},\"description\":\"keep last 10 images\",\"rulePriority\":1,\"selection\":{\"countNumber\":10,\"countType\":\"imageCountMoreThan\",\"tagStatus\":\"any\"}}]}",
            "registry_id": "265058194173",
            "repository": "user-service"
          },
          "sensitive_attributes": [],
          "private": "bnVsbA==",
          "dependencies": [
            "module.ecr.aws_ecr_repository.main",
            "module.ecr.data.aws_ecr_repository.main"
          ]
        },
        {
          "index_key": 3,
          "schema_version": 0,
          "attributes": {
            "id": "notify-service",
            "policy": "{\"rules\":[{\"action\":{\"type\":\"expire\"},\"description\":\"keep last 10 images\",\"rulePriority\":1,\"selection\":{\"countNumber\":10,\"countType\":\"imageCountMoreThan\",\"tagStatus\":\"any\"}}]}",
            "registry_id": "265058194173",
            "repository": "notify-service"
          },
          "sensitive_attributes": [],
          "private": "bnVsbA==",
          "dependencies": [
            "module.ecr.aws_ecr_repository.main",
            "module.ecr.data.aws_ecr_repository.main"
          ]
        }
      ]
    },
    {
      "module": "module.ecr",
      "mode": "managed",
      "type": "aws_ecr_repository",
      "name": "main",
      "provider": "provider[\"registry.terraform.io/hashicorp/aws\"]",
      "instances": [
        {
          "index_key": 0,
          "schema_version": 0,
          "attributes": {
            "arn": "arn:aws:ecr:ap-south-1:265058194173:repository/frontend-service",
            "encryption_configuration": [
              {
                "encryption_type": "AES256",
                "kms_key": ""
              }
            ],
            "force_delete": null,
            "id": "frontend-service",
            "image_scanning_configuration": [
              {
                "scan_on_push": false
              }
            ],
            "image_tag_mutability": "MUTABLE",
            "name": "frontend-service",
            "registry_id": "265058194173",
            "repository_url": "265058194173.dkr.ecr.ap-south-1.amazonaws.com/frontend-service",
            "tags": {
              "Environment": "dev",
              "Name": "ebitaus-ecr-dev"
            },
            "tags_all": {
              "Environment": "dev",
              "Name": "ebitaus-ecr-dev"
            },
            "timeouts": null
          },
          "sensitive_attributes": [],
          "private": "eyJlMmJmYjczMC1lY2FhLTExZTYtOGY4OC0zNDM2M2JjN2M0YzAiOnsiZGVsZXRlIjoxMjAwMDAwMDAwMDAwfX0="
        },
        {
          "index_key": 1,
          "schema_version": 0,
          "attributes": {
            "arn": "arn:aws:ecr:ap-south-1:265058194173:repository/document-service",
            "encryption_configuration": [
              {
                "encryption_type": "AES256",
                "kms_key": ""
              }
            ],
            "force_delete": null,
            "id": "document-service",
            "image_scanning_configuration": [
              {
                "scan_on_push": false
              }
            ],
            "image_tag_mutability": "MUTABLE",
            "name": "document-service",
            "registry_id": "265058194173",
            "repository_url": "265058194173.dkr.ecr.ap-south-1.amazonaws.com/document-service",
            "tags": {
              "Environment": "dev",
              "Name": "ebitaus-ecr-dev"
            },
            "tags_all": {
              "Environment": "dev",
              "Name": "ebitaus-ecr-dev"
            },
            "timeouts": null
          },
          "sensitive_attributes": [],
          "private": "eyJlMmJmYjczMC1lY2FhLTExZTYtOGY4OC0zNDM2M2JjN2M0YzAiOnsiZGVsZXRlIjoxMjAwMDAwMDAwMDAwfX0="
        },
        {
          "index_key": 2,
          "schema_version": 0,
          "attributes": {
            "arn": "arn:aws:ecr:ap-south-1:265058194173:repository/user-service",
            "encryption_configuration": [
              {
                "encryption_type": "AES256",
                "kms_key": ""
              }
            ],
            "force_delete": null,
            "id": "user-service",
            "image_scanning_configuration": [
              {
                "scan_on_push": false
              }
            ],
            "image_tag_mutability": "MUTABLE",
            "name": "user-service",
            "registry_id": "265058194173",
            "repository_url": "265058194173.dkr.ecr.ap-south-1.amazonaws.com/user-service",
            "tags": {
              "Environment": "dev",
              "Name": "ebitaus-ecr-dev"
            },
            "tags_all": {
              "Environment": "dev",
              "Name": "ebitaus-ecr-dev"
            },
            "timeouts": null
          },
          "sensitive_attributes": [],
          "private": "eyJlMmJmYjczMC1lY2FhLTExZTYtOGY4OC0zNDM2M2JjN2M0YzAiOnsiZGVsZXRlIjoxMjAwMDAwMDAwMDAwfX0="
        },
        {
          "index_key": 3,
          "schema_version": 0,
          "attributes": {
            "arn": "arn:aws:ecr:ap-south-1:265058194173:repository/notify-service",
            "encryption_configuration": [
              {
                "encryption_type": "AES256",
                "kms_key": ""
              }
            ],
            "force_delete": null,
            "id": "notify-service",
            "image_scanning_configuration": [
              {
                "scan_on_push": false
              }
            ],
            "image_tag_mutability": "MUTABLE",
            "name": "notify-service",
            "registry_id": "265058194173",
            "repository_url": "265058194173.dkr.ecr.ap-south-1.amazonaws.com/notify-service",
            "tags": {
              "Environment": "dev",
              "Name": "ebitaus-ecr-dev"
            },
            "tags_all": {
              "Environment": "dev",
              "Name": "ebitaus-ecr-dev"
            },
            "timeouts": null
          },
          "sensitive_attributes": [],
          "private": "eyJlMmJmYjczMC1lY2FhLTExZTYtOGY4OC0zNDM2M2JjN2M0YzAiOnsiZGVsZXRlIjoxMjAwMDAwMDAwMDAwfX0="
        }
      ]
    },
    {
      "module": "module.ecs",
      "mode": "managed",
      "type": "aws_ecs_cluster",
      "name": "main",
      "provider": "provider[\"registry.terraform.io/hashicorp/aws\"]",
      "instances": [
        {
          "schema_version": 0,
          "attributes": {
            "arn": "arn:aws:ecs:ap-south-1:265058194173:cluster/ebitaus-cluster-dev",
            "capacity_providers": [],
            "configuration": [],
            "default_capacity_provider_strategy": [],
            "id": "arn:aws:ecs:ap-south-1:265058194173:cluster/ebitaus-cluster-dev",
            "name": "ebitaus-cluster-dev",
            "service_connect_defaults": [],
            "setting": [
              {
                "name": "containerInsights",
                "value": "disabled"
              }
            ],
            "tags": {
              "Environment": "dev",
              "Name": "ebitaus-cluster-dev"
            },
            "tags_all": {
              "Environment": "dev",
              "Name": "ebitaus-cluster-dev"
            }
          },
          "sensitive_attributes": [],
          "private": "bnVsbA=="
        }
      ]
    },
    {
      "module": "module.ecs",
      "mode": "managed",
      "type": "aws_iam_policy",
      "name": "dynamodb",
      "provider": "provider[\"registry.terraform.io/hashicorp/aws\"]",
      "instances": [
        {
          "schema_version": 0,
          "attributes": {
            "arn": "arn:aws:iam::265058194173:policy/ebitaus-task-policy-dynamodb-dev",
            "description": "Policy that allows access to DynamoDB",
            "id": "arn:aws:iam::265058194173:policy/ebitaus-task-policy-dynamodb-dev",
            "name": "ebitaus-task-policy-dynamodb-dev",
            "name_prefix": "",
            "path": "/",
            "policy": "{\"Statement\":[{\"Action\":[\"dynamodb:CreateTable\",\"dynamodb:UpdateTimeToLive\",\"dynamodb:PutItem\",\"dynamodb:DescribeTable\",\"dynamodb:ListTables\",\"dynamodb:DeleteItem\",\"dynamodb:GetItem\",\"dynamodb:Scan\",\"dynamodb:Query\",\"dynamodb:UpdateItem\",\"dynamodb:UpdateTable\"],\"Effect\":\"Allow\",\"Resource\":\"*\"}],\"Version\":\"2012-10-17\"}",
            "policy_id": "ANPAT3NVTCL6XNU3JP6UL",
            "tags": null,
            "tags_all": {}
          },
          "sensitive_attributes": [],
          "private": "bnVsbA=="
        }
      ]
    },
    {
      "module": "module.ecs",
      "mode": "managed",
      "type": "aws_iam_policy",
      "name": "s3",
      "provider": "provider[\"registry.terraform.io/hashicorp/aws\"]",
      "instances": [
        {
          "schema_version": 0,
          "attributes": {
            "arn": "arn:aws:iam::265058194173:policy/ebitaus-task-policy-s3-dev",
            "description": "Policy that allows access to the s3 we created",
            "id": "arn:aws:iam::265058194173:policy/ebitaus-task-policy-s3-dev",
            "name": "ebitaus-task-policy-s3-dev",
            "name_prefix": "",
            "path": "/",
            "policy": "{\"Statement\":[{\"Action\":[\"s3:PutObject\",\"s3:GetObject\",\"s3:GetObjectVersion\"],\"Effect\":\"Allow\",\"Resource\":\"arn:aws:s3:::ebita/*\"}],\"Version\":\"2012-10-17\"}",
            "policy_id": "ANPAT3NVTCL62FIDRKC2M",
            "tags": null,
            "tags_all": {}
          },
          "sensitive_attributes": [],
          "private": "bnVsbA=="
        }
      ]
    },
    {
      "module": "module.ecs",
      "mode": "managed",
      "type": "aws_iam_policy",
      "name": "secrets",
      "provider": "provider[\"registry.terraform.io/hashicorp/aws\"]",
      "instances": [
        {
          "index_key": 0,
          "schema_version": 0,
          "attributes": {
            "arn": "arn:aws:iam::265058194173:policy/ebitaus-task-policy-secrets-dev",
            "description": "Policy that allows access to the secrets we created",
            "id": "arn:aws:iam::265058194173:policy/ebitaus-task-policy-secrets-dev",
            "name": "ebitaus-task-policy-secrets-dev",
            "name_prefix": "",
            "path": "/",
            "policy": "{\"Statement\":[{\"Action\":[\"ssm:Describe*\",\"ssm:Get*\",\"ssm:List*\"],\"Effect\":\"Allow\",\"Resource\":[\"arn:aws:ssm:ap-south-1:265058194173:parameter/ebitaus/dev/aws_access_key_id\",\"arn:aws:ssm:ap-south-1:265058194173:parameter/ebitaus/dev/aws_secret_access_key\"],\"Sid\":\"AccessSecrets\"}],\"Version\":\"2012-10-17\"}",
            "policy_id": "ANPAT3NVTCL64MRLRH2R4",
            "tags": null,
            "tags_all": {}
          },
          "sensitive_attributes": [],
          "private": "bnVsbA==",
          "dependencies": [
            "module.secrets.aws_ssm_parameter.application_secrets"
          ]
        }
      ]
    },
    {
      "module": "module.ecs",
      "mode": "managed",
      "type": "aws_iam_role",
      "name": "ecs_task_execution_role",
      "provider": "provider[\"registry.terraform.io/hashicorp/aws\"]",
      "instances": [
        {
          "schema_version": 0,
          "attributes": {
            "arn": "arn:aws:iam::265058194173:role/ebitaus-ecsTaskExecutionRole-dev",
            "assume_role_policy": "{\"Statement\":[{\"Action\":\"sts:AssumeRole\",\"Effect\":\"Allow\",\"Principal\":{\"Service\":\"ecs-tasks.amazonaws.com\"},\"Sid\":\"\"}],\"Version\":\"2012-10-17\"}",
            "create_date": "2023-09-22T08:06:10Z",
            "description": "",
            "force_detach_policies": false,
            "id": "ebitaus-ecsTaskExecutionRole-dev",
            "inline_policy": [],
            "managed_policy_arns": [],
            "max_session_duration": 3600,
            "name": "ebitaus-ecsTaskExecutionRole-dev",
            "name_prefix": "",
            "path": "/",
            "permissions_boundary": null,
            "role_last_used": [
              {
                "last_used_date": "",
                "region": ""
              }
            ],
            "tags": null,
            "tags_all": {},
            "unique_id": "AROAT3NVTCL6Q552QZZUI"
          },
          "sensitive_attributes": [],
          "private": "bnVsbA=="
        }
      ]
    },
    {
      "module": "module.ecs",
      "mode": "managed",
      "type": "aws_iam_role",
      "name": "ecs_task_role",
      "provider": "provider[\"registry.terraform.io/hashicorp/aws\"]",
      "instances": [
        {
          "schema_version": 0,
          "attributes": {
            "arn": "arn:aws:iam::265058194173:role/ebitaus-ecsTaskRole-dev",
            "assume_role_policy": "{\"Statement\":[{\"Action\":\"sts:AssumeRole\",\"Effect\":\"Allow\",\"Principal\":{\"Service\":\"ecs-tasks.amazonaws.com\"},\"Sid\":\"\"}],\"Version\":\"2012-10-17\"}",
            "create_date": "2023-09-22T08:06:10Z",
            "description": "",
            "force_detach_policies": false,
            "id": "ebitaus-ecsTaskRole-dev",
            "inline_policy": [],
            "managed_policy_arns": [],
            "max_session_duration": 3600,
            "name": "ebitaus-ecsTaskRole-dev",
            "name_prefix": "",
            "path": "/",
            "permissions_boundary": null,
            "role_last_used": [
              {
                "last_used_date": "",
                "region": ""
              }
            ],
            "tags": null,
            "tags_all": {},
            "unique_id": "AROAT3NVTCL6WXIRI62L3"
          },
          "sensitive_attributes": [],
          "private": "bnVsbA=="
        }
      ]
    },
    {
      "module": "module.ecs",
      "mode": "managed",
      "type": "aws_iam_role_policy_attachment",
      "name": "ecs-task-execution-role-policy-attachment",
      "provider": "provider[\"registry.terraform.io/hashicorp/aws\"]",
      "instances": [
        {
          "schema_version": 0,
          "attributes": {
            "id": "ebitaus-ecsTaskExecutionRole-dev-20230922080611890900000004",
            "policy_arn": "arn:aws:iam::aws:policy/service-role/AmazonECSTaskExecutionRolePolicy",
            "role": "ebitaus-ecsTaskExecutionRole-dev"
          },
          "sensitive_attributes": [],
          "private": "bnVsbA==",
          "dependencies": [
            "module.ecs.aws_iam_role.ecs_task_execution_role"
          ]
        }
      ]
    },
    {
      "module": "module.ecs",
      "mode": "managed",
      "type": "aws_iam_role_policy_attachment",
      "name": "ecs-task-role-policy-attachment",
      "provider": "provider[\"registry.terraform.io/hashicorp/aws\"]",
      "instances": [
        {
          "schema_version": 0,
          "attributes": {
            "id": "ebitaus-ecsTaskRole-dev-20230922080611701000000002",
            "policy_arn": "arn:aws:iam::265058194173:policy/ebitaus-task-policy-dynamodb-dev",
            "role": "ebitaus-ecsTaskRole-dev"
          },
          "sensitive_attributes": [],
          "private": "bnVsbA==",
          "dependencies": [
            "module.ecs.aws_iam_policy.dynamodb",
            "module.ecs.aws_iam_role.ecs_task_role"
          ]
        }
      ]
    },
    {
      "module": "module.ecs",
      "mode": "managed",
      "type": "aws_iam_role_policy_attachment",
      "name": "ecs-task-role-policy-attachment-for-s3",
      "provider": "provider[\"registry.terraform.io/hashicorp/aws\"]",
      "instances": [
        {
          "schema_version": 0,
          "attributes": {
            "id": "ebitaus-ecsTaskRole-dev-20230922080611678400000001",
            "policy_arn": "arn:aws:iam::265058194173:policy/ebitaus-task-policy-s3-dev",
            "role": "ebitaus-ecsTaskRole-dev"
          },
          "sensitive_attributes": [],
          "private": "bnVsbA==",
          "dependencies": [
            "module.ecs.aws_iam_policy.s3",
            "module.ecs.aws_iam_role.ecs_task_role"
          ]
        }
      ]
    },
    {
      "module": "module.ecs",
      "mode": "managed",
      "type": "aws_iam_role_policy_attachment",
      "name": "ecs-task-role-policy-attachment-for-secrets",
      "provider": "provider[\"registry.terraform.io/hashicorp/aws\"]",
      "instances": [
        {
          "index_key": 0,
          "schema_version": 0,
          "attributes": {
            "id": "ebitaus-ecsTaskExecutionRole-dev-20230922080611845700000003",
            "policy_arn": "arn:aws:iam::265058194173:policy/ebitaus-task-policy-secrets-dev",
            "role": "ebitaus-ecsTaskExecutionRole-dev"
          },
          "sensitive_attributes": [],
          "private": "bnVsbA==",
          "dependencies": [
            "module.ecs.aws_iam_policy.secrets",
            "module.ecs.aws_iam_role.ecs_task_execution_role",
            "module.secrets.aws_ssm_parameter.application_secrets"
          ]
        }
      ]
    },
    {
      "module": "module.secrets",
      "mode": "managed",
      "type": "aws_ssm_parameter",
      "name": "application_secrets",
      "provider": "provider[\"registry.terraform.io/hashicorp/aws\"]",
      "instances": [
        {
          "index_key": 0,
          "schema_version": 0,
          "attributes": {
            "allowed_pattern": "",
            "arn": "arn:aws:ssm:ap-south-1:265058194173:parameter/ebitaus/dev/aws_access_key_id",
            "data_type": "text",
            "description": "Secret string for aws_access_key_id",
            "id": "/ebitaus/dev/aws_access_key_id",
            "insecure_value": null,
            "key_id": "alias/aws/ssm",
            "name": "/ebitaus/dev/aws_access_key_id",
            "overwrite": null,
            "tags": {
              "Environment": "dev",
              "Name": "ebitaus-cluster-dev"
            },
            "tags_all": {
              "Environment": "dev",
              "Name": "ebitaus-cluster-dev"
            },
            "tier": "Standard",
            "type": "SecureString",
            "value": "AKIAT3NVTCL6UKKSE5F6",
            "version": 1
          },
          "sensitive_attributes": [],
          "private": "bnVsbA=="
        },
        {
          "index_key": 1,
          "schema_version": 0,
          "attributes": {
            "allowed_pattern": "",
            "arn": "arn:aws:ssm:ap-south-1:265058194173:parameter/ebitaus/dev/aws_secret_access_key",
            "data_type": "text",
            "description": "Secret string for aws_secret_access_key",
            "id": "/ebitaus/dev/aws_secret_access_key",
            "insecure_value": null,
            "key_id": "alias/aws/ssm",
            "name": "/ebitaus/dev/aws_secret_access_key",
            "overwrite": null,
            "tags": {
              "Environment": "dev",
              "Name": "ebitaus-cluster-dev"
            },
            "tags_all": {
              "Environment": "dev",
              "Name": "ebitaus-cluster-dev"
            },
            "tier": "Standard",
            "type": "SecureString",
            "value": "o9lqxQRFZDhY19f8CgY7yu+lrNL22ppV+ny2Na9p",
            "version": 1
          },
          "sensitive_attributes": [],
          "private": "bnVsbA=="
        }
      ]
    },
    {
      "module": "module.security_groups",
      "mode": "managed",
      "type": "aws_security_group",
      "name": "alb",
      "provider": "provider[\"registry.terraform.io/hashicorp/aws\"]",
      "instances": [
        {
          "schema_version": 1,
          "attributes": {
            "arn": "arn:aws:ec2:ap-south-1:265058194173:security-group/sg-0ff19361fa863b180",
            "description": "Managed by Terraform",
            "egress": [
              {
                "cidr_blocks": [
                  "0.0.0.0/0"
                ],
                "description": "",
                "from_port": 0,
                "ipv6_cidr_blocks": [
                  "::/0"
                ],
                "prefix_list_ids": [],
                "protocol": "-1",
                "security_groups": [],
                "self": false,
                "to_port": 0
              }
            ],
            "id": "sg-0ff19361fa863b180",
            "ingress": [
              {
                "cidr_blocks": [
                  "0.0.0.0/0"
                ],
                "description": "",
                "from_port": 443,
                "ipv6_cidr_blocks": [
                  "::/0"
                ],
                "prefix_list_ids": [],
                "protocol": "tcp",
                "security_groups": [],
                "self": false,
                "to_port": 443
              },
              {
                "cidr_blocks": [
                  "0.0.0.0/0"
                ],
                "description": "",
                "from_port": 80,
                "ipv6_cidr_blocks": [
                  "::/0"
                ],
                "prefix_list_ids": [],
                "protocol": "tcp",
                "security_groups": [],
                "self": false,
                "to_port": 80
              }
            ],
            "name": "ebitaus-sg-alb-dev",
            "name_prefix": "",
            "owner_id": "265058194173",
            "revoke_rules_on_delete": false,
            "tags": {
              "Environment": "dev",
              "Name": "ebitaus-sg-alb-dev"
            },
            "tags_all": {
              "Environment": "dev",
              "Name": "ebitaus-sg-alb-dev"
            },
            "timeouts": null,
            "vpc_id": "vpc-01b5af867be85d6f7"
          },
          "sensitive_attributes": [],
          "private": "eyJlMmJmYjczMC1lY2FhLTExZTYtOGY4OC0zNDM2M2JjN2M0YzAiOnsiY3JlYXRlIjo2MDAwMDAwMDAwMDAsImRlbGV0ZSI6OTAwMDAwMDAwMDAwfSwic2NoZW1hX3ZlcnNpb24iOiIxIn0=",
          "dependencies": [
            "module.vpc.aws_vpc.main"
          ]
        }
      ]
    },
    {
      "module": "module.security_groups",
      "mode": "managed",
      "type": "aws_security_group",
      "name": "ecs_tasks",
      "provider": "provider[\"registry.terraform.io/hashicorp/aws\"]",
      "instances": [
        {
          "index_key": 0,
          "schema_version": 1,
          "attributes": {
            "arn": "arn:aws:ec2:ap-south-1:265058194173:security-group/sg-084f854a00822317b",
            "description": "Managed by Terraform",
            "egress": [
              {
                "cidr_blocks": [
                  "0.0.0.0/0"
                ],
                "description": "",
                "from_port": 0,
                "ipv6_cidr_blocks": [
                  "::/0"
                ],
                "prefix_list_ids": [],
                "protocol": "-1",
                "security_groups": [],
                "self": false,
                "to_port": 0
              }
            ],
            "id": "sg-084f854a00822317b",
            "ingress": [
              {
                "cidr_blocks": [
                  "0.0.0.0/0"
                ],
                "description": "",
                "from_port": 80,
                "ipv6_cidr_blocks": [
                  "::/0"
                ],
                "prefix_list_ids": [],
                "protocol": "tcp",
                "security_groups": [],
                "self": false,
                "to_port": 80
              }
            ],
            "name": "ebitaus-frontend-service-sg-task-dev",
            "name_prefix": "",
            "owner_id": "265058194173",
            "revoke_rules_on_delete": false,
            "tags": {
              "Environment": "dev",
              "Name": "ebitaus-sg-task-dev"
            },
            "tags_all": {
              "Environment": "dev",
              "Name": "ebitaus-sg-task-dev"
            },
            "timeouts": null,
            "vpc_id": "vpc-01b5af867be85d6f7"
          },
          "sensitive_attributes": [],
          "private": "eyJlMmJmYjczMC1lY2FhLTExZTYtOGY4OC0zNDM2M2JjN2M0YzAiOnsiY3JlYXRlIjo2MDAwMDAwMDAwMDAsImRlbGV0ZSI6OTAwMDAwMDAwMDAwfSwic2NoZW1hX3ZlcnNpb24iOiIxIn0=",
          "dependencies": [
            "module.vpc.aws_vpc.main"
          ]
        },
        {
          "index_key": 1,
          "schema_version": 1,
          "attributes": {
            "arn": "arn:aws:ec2:ap-south-1:265058194173:security-group/sg-0094e6c95c337c61e",
            "description": "Managed by Terraform",
            "egress": [
              {
                "cidr_blocks": [
                  "0.0.0.0/0"
                ],
                "description": "",
                "from_port": 0,
                "ipv6_cidr_blocks": [
                  "::/0"
                ],
                "prefix_list_ids": [],
                "protocol": "-1",
                "security_groups": [],
                "self": false,
                "to_port": 0
              }
            ],
            "id": "sg-0094e6c95c337c61e",
            "ingress": [
              {
                "cidr_blocks": [
                  "0.0.0.0/0"
                ],
                "description": "",
                "from_port": 8082,
                "ipv6_cidr_blocks": [
                  "::/0"
                ],
                "prefix_list_ids": [],
                "protocol": "tcp",
                "security_groups": [],
                "self": false,
                "to_port": 8082
              }
            ],
            "name": "ebitaus-document-service-sg-task-dev",
            "name_prefix": "",
            "owner_id": "265058194173",
            "revoke_rules_on_delete": false,
            "tags": {
              "Environment": "dev",
              "Name": "ebitaus-sg-task-dev"
            },
            "tags_all": {
              "Environment": "dev",
              "Name": "ebitaus-sg-task-dev"
            },
            "timeouts": null,
            "vpc_id": "vpc-01b5af867be85d6f7"
          },
          "sensitive_attributes": [],
          "private": "eyJlMmJmYjczMC1lY2FhLTExZTYtOGY4OC0zNDM2M2JjN2M0YzAiOnsiY3JlYXRlIjo2MDAwMDAwMDAwMDAsImRlbGV0ZSI6OTAwMDAwMDAwMDAwfSwic2NoZW1hX3ZlcnNpb24iOiIxIn0=",
          "dependencies": [
            "module.vpc.aws_vpc.main"
          ]
        },
        {
          "index_key": 2,
          "schema_version": 1,
          "attributes": {
            "arn": "arn:aws:ec2:ap-south-1:265058194173:security-group/sg-0bd098e2e8f32ec01",
            "description": "Managed by Terraform",
            "egress": [
              {
                "cidr_blocks": [
                  "0.0.0.0/0"
                ],
                "description": "",
                "from_port": 0,
                "ipv6_cidr_blocks": [
                  "::/0"
                ],
                "prefix_list_ids": [],
                "protocol": "-1",
                "security_groups": [],
                "self": false,
                "to_port": 0
              }
            ],
            "id": "sg-0bd098e2e8f32ec01",
            "ingress": [
              {
                "cidr_blocks": [
                  "0.0.0.0/0"
                ],
                "description": "",
                "from_port": 8080,
                "ipv6_cidr_blocks": [
                  "::/0"
                ],
                "prefix_list_ids": [],
                "protocol": "tcp",
                "security_groups": [],
                "self": false,
                "to_port": 8080
              }
            ],
            "name": "ebitaus-user-service-sg-task-dev",
            "name_prefix": "",
            "owner_id": "265058194173",
            "revoke_rules_on_delete": false,
            "tags": {
              "Environment": "dev",
              "Name": "ebitaus-sg-task-dev"
            },
            "tags_all": {
              "Environment": "dev",
              "Name": "ebitaus-sg-task-dev"
            },
            "timeouts": null,
            "vpc_id": "vpc-01b5af867be85d6f7"
          },
          "sensitive_attributes": [],
          "private": "eyJlMmJmYjczMC1lY2FhLTExZTYtOGY4OC0zNDM2M2JjN2M0YzAiOnsiY3JlYXRlIjo2MDAwMDAwMDAwMDAsImRlbGV0ZSI6OTAwMDAwMDAwMDAwfSwic2NoZW1hX3ZlcnNpb24iOiIxIn0=",
          "dependencies": [
            "module.vpc.aws_vpc.main"
          ]
        },
        {
          "index_key": 3,
          "schema_version": 1,
          "attributes": {
            "arn": "arn:aws:ec2:ap-south-1:265058194173:security-group/sg-08dad6ba3502f96bc",
            "description": "Managed by Terraform",
            "egress": [
              {
                "cidr_blocks": [
                  "0.0.0.0/0"
                ],
                "description": "",
                "from_port": 0,
                "ipv6_cidr_blocks": [
                  "::/0"
                ],
                "prefix_list_ids": [],
                "protocol": "-1",
                "security_groups": [],
                "self": false,
                "to_port": 0
              }
            ],
            "id": "sg-08dad6ba3502f96bc",
            "ingress": [
              {
                "cidr_blocks": [
                  "0.0.0.0/0"
                ],
                "description": "",
                "from_port": 8081,
                "ipv6_cidr_blocks": [
                  "::/0"
                ],
                "prefix_list_ids": [],
                "protocol": "tcp",
                "security_groups": [],
                "self": false,
                "to_port": 8081
              }
            ],
            "name": "ebitaus-notify-service-sg-task-dev",
            "name_prefix": "",
            "owner_id": "265058194173",
            "revoke_rules_on_delete": false,
            "tags": {
              "Environment": "dev",
              "Name": "ebitaus-sg-task-dev"
            },
            "tags_all": {
              "Environment": "dev",
              "Name": "ebitaus-sg-task-dev"
            },
            "timeouts": null,
            "vpc_id": "vpc-01b5af867be85d6f7"
          },
          "sensitive_attributes": [],
          "private": "eyJlMmJmYjczMC1lY2FhLTExZTYtOGY4OC0zNDM2M2JjN2M0YzAiOnsiY3JlYXRlIjo2MDAwMDAwMDAwMDAsImRlbGV0ZSI6OTAwMDAwMDAwMDAwfSwic2NoZW1hX3ZlcnNpb24iOiIxIn0=",
          "dependencies": [
            "module.vpc.aws_vpc.main"
          ]
        }
      ]
    },
    {
      "module": "module.services",
      "mode": "managed",
      "type": "aws_appautoscaling_policy",
      "name": "ecs_policy_cpu",
      "provider": "provider[\"registry.terraform.io/hashicorp/aws\"]",
      "instances": [
        {
          "index_key": 0,
          "schema_version": 0,
          "attributes": {
            "alarm_arns": [
              "arn:aws:cloudwatch:ap-south-1:265058194173:alarm:TargetTracking-service/ebitaus-cluster-dev/ebitaus-frontend-service-srv-dev-AlarmHigh-62e6ded9-1f16-47e0-aaaf-7c9fc0febf81",
              "arn:aws:cloudwatch:ap-south-1:265058194173:alarm:TargetTracking-service/ebitaus-cluster-dev/ebitaus-frontend-service-srv-dev-AlarmLow-90cbe8b6-89e3-4f21-9b75-acad40b9fba5"
            ],
            "arn": "arn:aws:autoscaling:ap-south-1:265058194173:scalingPolicy:aae187d7-a322-47a3-810b-ac07254b9bfa:resource/ecs/service/ebitaus-cluster-dev/ebitaus-frontend-service-srv-dev:policyName/cpu-autoscaling",
            "id": "cpu-autoscaling",
            "name": "cpu-autoscaling",
            "policy_type": "TargetTrackingScaling",
            "resource_id": "service/ebitaus-cluster-dev/ebitaus-frontend-service-srv-dev",
            "scalable_dimension": "ecs:service:DesiredCount",
            "service_namespace": "ecs",
            "step_scaling_policy_configuration": [],
            "target_tracking_scaling_policy_configuration": [
              {
                "customized_metric_specification": [],
                "disable_scale_in": false,
                "predefined_metric_specification": [
                  {
                    "predefined_metric_type": "ECSServiceAverageCPUUtilization",
                    "resource_label": ""
                  }
                ],
                "scale_in_cooldown": 300,
                "scale_out_cooldown": 300,
                "target_value": 60
              }
            ]
          },
          "sensitive_attributes": [],
          "private": "bnVsbA==",
          "dependencies": [
            "module.ecr.aws_ecr_repository.main",
            "module.ecr.data.aws_ecr_repository.main",
            "module.ecs.aws_ecs_cluster.main",
            "module.ecs.aws_iam_role.ecs_task_execution_role",
            "module.ecs.aws_iam_role.ecs_task_role",
            "module.secrets.aws_ssm_parameter.application_secrets",
            "module.security_groups.aws_security_group.ecs_tasks",
            "module.services.aws_appautoscaling_target.ecs_target",
            "module.services.aws_cloudwatch_log_group.main",
            "module.services.aws_ecs_service.main",
            "module.services.aws_ecs_task_definition.main",
            "module.services.aws_lb_target_group.main",
            "module.vpc.aws_subnet.private",
            "module.vpc.aws_subnet.public",
            "module.vpc.aws_vpc.main"
          ]
        },
        {
          "index_key": 1,
          "schema_version": 0,
          "attributes": {
            "alarm_arns": [
              "arn:aws:cloudwatch:ap-south-1:265058194173:alarm:TargetTracking-service/ebitaus-cluster-dev/ebitaus-document-service-srv-dev-AlarmHigh-24cc00cc-196c-4871-9661-287c6c2d3fae",
              "arn:aws:cloudwatch:ap-south-1:265058194173:alarm:TargetTracking-service/ebitaus-cluster-dev/ebitaus-document-service-srv-dev-AlarmLow-428a0878-63db-468a-b095-e5b2b76bdd81"
            ],
            "arn": "arn:aws:autoscaling:ap-south-1:265058194173:scalingPolicy:0a81f5b9-2114-4e2f-9802-43a8d6375fb8:resource/ecs/service/ebitaus-cluster-dev/ebitaus-document-service-srv-dev:policyName/cpu-autoscaling",
            "id": "cpu-autoscaling",
            "name": "cpu-autoscaling",
            "policy_type": "TargetTrackingScaling",
            "resource_id": "service/ebitaus-cluster-dev/ebitaus-document-service-srv-dev",
            "scalable_dimension": "ecs:service:DesiredCount",
            "service_namespace": "ecs",
            "step_scaling_policy_configuration": [],
            "target_tracking_scaling_policy_configuration": [
              {
                "customized_metric_specification": [],
                "disable_scale_in": false,
                "predefined_metric_specification": [
                  {
                    "predefined_metric_type": "ECSServiceAverageCPUUtilization",
                    "resource_label": ""
                  }
                ],
                "scale_in_cooldown": 300,
                "scale_out_cooldown": 300,
                "target_value": 60
              }
            ]
          },
          "sensitive_attributes": [],
          "private": "bnVsbA==",
          "dependencies": [
            "module.ecr.aws_ecr_repository.main",
            "module.ecr.data.aws_ecr_repository.main",
            "module.ecs.aws_ecs_cluster.main",
            "module.ecs.aws_iam_role.ecs_task_execution_role",
            "module.ecs.aws_iam_role.ecs_task_role",
            "module.secrets.aws_ssm_parameter.application_secrets",
            "module.security_groups.aws_security_group.ecs_tasks",
            "module.services.aws_appautoscaling_target.ecs_target",
            "module.services.aws_cloudwatch_log_group.main",
            "module.services.aws_ecs_service.main",
            "module.services.aws_ecs_task_definition.main",
            "module.services.aws_lb_target_group.main",
            "module.vpc.aws_subnet.private",
            "module.vpc.aws_subnet.public",
            "module.vpc.aws_vpc.main"
          ]
        },
        {
          "index_key": 2,
          "schema_version": 0,
          "attributes": {
            "alarm_arns": [
              "arn:aws:cloudwatch:ap-south-1:265058194173:alarm:TargetTracking-service/ebitaus-cluster-dev/ebitaus-user-service-srv-dev-AlarmHigh-500ea102-e8f0-45af-a7f8-1a43e4d73d5f",
              "arn:aws:cloudwatch:ap-south-1:265058194173:alarm:TargetTracking-service/ebitaus-cluster-dev/ebitaus-user-service-srv-dev-AlarmLow-5482281e-124a-40f7-8463-a6db441c4a4a"
            ],
            "arn": "arn:aws:autoscaling:ap-south-1:265058194173:scalingPolicy:7c9504b5-b197-434f-8c11-1a76ddb869d7:resource/ecs/service/ebitaus-cluster-dev/ebitaus-user-service-srv-dev:policyName/cpu-autoscaling",
            "id": "cpu-autoscaling",
            "name": "cpu-autoscaling",
            "policy_type": "TargetTrackingScaling",
            "resource_id": "service/ebitaus-cluster-dev/ebitaus-user-service-srv-dev",
            "scalable_dimension": "ecs:service:DesiredCount",
            "service_namespace": "ecs",
            "step_scaling_policy_configuration": [],
            "target_tracking_scaling_policy_configuration": [
              {
                "customized_metric_specification": [],
                "disable_scale_in": false,
                "predefined_metric_specification": [
                  {
                    "predefined_metric_type": "ECSServiceAverageCPUUtilization",
                    "resource_label": ""
                  }
                ],
                "scale_in_cooldown": 300,
                "scale_out_cooldown": 300,
                "target_value": 60
              }
            ]
          },
          "sensitive_attributes": [],
          "private": "bnVsbA==",
          "dependencies": [
            "module.ecr.aws_ecr_repository.main",
            "module.ecr.data.aws_ecr_repository.main",
            "module.ecs.aws_ecs_cluster.main",
            "module.ecs.aws_iam_role.ecs_task_execution_role",
            "module.ecs.aws_iam_role.ecs_task_role",
            "module.secrets.aws_ssm_parameter.application_secrets",
            "module.security_groups.aws_security_group.ecs_tasks",
            "module.services.aws_appautoscaling_target.ecs_target",
            "module.services.aws_cloudwatch_log_group.main",
            "module.services.aws_ecs_service.main",
            "module.services.aws_ecs_task_definition.main",
            "module.services.aws_lb_target_group.main",
            "module.vpc.aws_subnet.private",
            "module.vpc.aws_subnet.public",
            "module.vpc.aws_vpc.main"
          ]
        },
        {
          "index_key": 3,
          "schema_version": 0,
          "attributes": {
            "alarm_arns": [
              "arn:aws:cloudwatch:ap-south-1:265058194173:alarm:TargetTracking-service/ebitaus-cluster-dev/ebitaus-notify-service-srv-dev-AlarmHigh-d3a6f43d-335f-44df-a66b-5e67633b7425",
              "arn:aws:cloudwatch:ap-south-1:265058194173:alarm:TargetTracking-service/ebitaus-cluster-dev/ebitaus-notify-service-srv-dev-AlarmLow-d6a07df5-617f-4454-9541-b6dccb67386d"
            ],
            "arn": "arn:aws:autoscaling:ap-south-1:265058194173:scalingPolicy:c08c6227-29d5-4c55-9ac3-1802b5cc7ecd:resource/ecs/service/ebitaus-cluster-dev/ebitaus-notify-service-srv-dev:policyName/cpu-autoscaling",
            "id": "cpu-autoscaling",
            "name": "cpu-autoscaling",
            "policy_type": "TargetTrackingScaling",
            "resource_id": "service/ebitaus-cluster-dev/ebitaus-notify-service-srv-dev",
            "scalable_dimension": "ecs:service:DesiredCount",
            "service_namespace": "ecs",
            "step_scaling_policy_configuration": [],
            "target_tracking_scaling_policy_configuration": [
              {
                "customized_metric_specification": [],
                "disable_scale_in": false,
                "predefined_metric_specification": [
                  {
                    "predefined_metric_type": "ECSServiceAverageCPUUtilization",
                    "resource_label": ""
                  }
                ],
                "scale_in_cooldown": 300,
                "scale_out_cooldown": 300,
                "target_value": 60
              }
            ]
          },
          "sensitive_attributes": [],
          "private": "bnVsbA==",
          "dependencies": [
            "module.ecr.aws_ecr_repository.main",
            "module.ecr.data.aws_ecr_repository.main",
            "module.ecs.aws_ecs_cluster.main",
            "module.ecs.aws_iam_role.ecs_task_execution_role",
            "module.ecs.aws_iam_role.ecs_task_role",
            "module.secrets.aws_ssm_parameter.application_secrets",
            "module.security_groups.aws_security_group.ecs_tasks",
            "module.services.aws_appautoscaling_target.ecs_target",
            "module.services.aws_cloudwatch_log_group.main",
            "module.services.aws_ecs_service.main",
            "module.services.aws_ecs_task_definition.main",
            "module.services.aws_lb_target_group.main",
            "module.vpc.aws_subnet.private",
            "module.vpc.aws_subnet.public",
            "module.vpc.aws_vpc.main"
          ]
        }
      ]
    },
    {
      "module": "module.services",
      "mode": "managed",
      "type": "aws_appautoscaling_policy",
      "name": "ecs_policy_memory",
      "provider": "provider[\"registry.terraform.io/hashicorp/aws\"]",
      "instances": [
        {
          "index_key": 0,
          "schema_version": 0,
          "attributes": {
            "alarm_arns": [
              "arn:aws:cloudwatch:ap-south-1:265058194173:alarm:TargetTracking-service/ebitaus-cluster-dev/ebitaus-frontend-service-srv-dev-AlarmHigh-1a1bc337-0b59-48cc-8cde-0b8bee95dfab",
              "arn:aws:cloudwatch:ap-south-1:265058194173:alarm:TargetTracking-service/ebitaus-cluster-dev/ebitaus-frontend-service-srv-dev-AlarmLow-a20ae7a7-c877-4af7-a34e-eab1cb587e38"
            ],
            "arn": "arn:aws:autoscaling:ap-south-1:265058194173:scalingPolicy:aae187d7-a322-47a3-810b-ac07254b9bfa:resource/ecs/service/ebitaus-cluster-dev/ebitaus-frontend-service-srv-dev:policyName/memory-autoscaling",
            "id": "memory-autoscaling",
            "name": "memory-autoscaling",
            "policy_type": "TargetTrackingScaling",
            "resource_id": "service/ebitaus-cluster-dev/ebitaus-frontend-service-srv-dev",
            "scalable_dimension": "ecs:service:DesiredCount",
            "service_namespace": "ecs",
            "step_scaling_policy_configuration": [],
            "target_tracking_scaling_policy_configuration": [
              {
                "customized_metric_specification": [],
                "disable_scale_in": false,
                "predefined_metric_specification": [
                  {
                    "predefined_metric_type": "ECSServiceAverageMemoryUtilization",
                    "resource_label": ""
                  }
                ],
                "scale_in_cooldown": 300,
                "scale_out_cooldown": 300,
                "target_value": 80
              }
            ]
          },
          "sensitive_attributes": [],
          "private": "bnVsbA==",
          "dependencies": [
            "module.ecr.aws_ecr_repository.main",
            "module.ecr.data.aws_ecr_repository.main",
            "module.ecs.aws_ecs_cluster.main",
            "module.ecs.aws_iam_role.ecs_task_execution_role",
            "module.ecs.aws_iam_role.ecs_task_role",
            "module.secrets.aws_ssm_parameter.application_secrets",
            "module.security_groups.aws_security_group.ecs_tasks",
            "module.services.aws_appautoscaling_target.ecs_target",
            "module.services.aws_cloudwatch_log_group.main",
            "module.services.aws_ecs_service.main",
            "module.services.aws_ecs_task_definition.main",
            "module.services.aws_lb_target_group.main",
            "module.vpc.aws_subnet.private",
            "module.vpc.aws_subnet.public",
            "module.vpc.aws_vpc.main"
          ]
        },
        {
          "index_key": 1,
          "schema_version": 0,
          "attributes": {
            "alarm_arns": [
              "arn:aws:cloudwatch:ap-south-1:265058194173:alarm:TargetTracking-service/ebitaus-cluster-dev/ebitaus-document-service-srv-dev-AlarmHigh-34ed77d2-12ea-4c50-a148-4cd48f1f395b",
              "arn:aws:cloudwatch:ap-south-1:265058194173:alarm:TargetTracking-service/ebitaus-cluster-dev/ebitaus-document-service-srv-dev-AlarmLow-fa920ebe-342a-4786-af4e-b6535e0e1d77"
            ],
            "arn": "arn:aws:autoscaling:ap-south-1:265058194173:scalingPolicy:0a81f5b9-2114-4e2f-9802-43a8d6375fb8:resource/ecs/service/ebitaus-cluster-dev/ebitaus-document-service-srv-dev:policyName/memory-autoscaling",
            "id": "memory-autoscaling",
            "name": "memory-autoscaling",
            "policy_type": "TargetTrackingScaling",
            "resource_id": "service/ebitaus-cluster-dev/ebitaus-document-service-srv-dev",
            "scalable_dimension": "ecs:service:DesiredCount",
            "service_namespace": "ecs",
            "step_scaling_policy_configuration": [],
            "target_tracking_scaling_policy_configuration": [
              {
                "customized_metric_specification": [],
                "disable_scale_in": false,
                "predefined_metric_specification": [
                  {
                    "predefined_metric_type": "ECSServiceAverageMemoryUtilization",
                    "resource_label": ""
                  }
                ],
                "scale_in_cooldown": 300,
                "scale_out_cooldown": 300,
                "target_value": 80
              }
            ]
          },
          "sensitive_attributes": [],
          "private": "bnVsbA==",
          "dependencies": [
            "module.ecr.aws_ecr_repository.main",
            "module.ecr.data.aws_ecr_repository.main",
            "module.ecs.aws_ecs_cluster.main",
            "module.ecs.aws_iam_role.ecs_task_execution_role",
            "module.ecs.aws_iam_role.ecs_task_role",
            "module.secrets.aws_ssm_parameter.application_secrets",
            "module.security_groups.aws_security_group.ecs_tasks",
            "module.services.aws_appautoscaling_target.ecs_target",
            "module.services.aws_cloudwatch_log_group.main",
            "module.services.aws_ecs_service.main",
            "module.services.aws_ecs_task_definition.main",
            "module.services.aws_lb_target_group.main",
            "module.vpc.aws_subnet.private",
            "module.vpc.aws_subnet.public",
            "module.vpc.aws_vpc.main"
          ]
        },
        {
          "index_key": 2,
          "schema_version": 0,
          "attributes": {
            "alarm_arns": [
              "arn:aws:cloudwatch:ap-south-1:265058194173:alarm:TargetTracking-service/ebitaus-cluster-dev/ebitaus-user-service-srv-dev-AlarmHigh-463d1b0c-c6f6-42dd-92f0-60afbb357545",
              "arn:aws:cloudwatch:ap-south-1:265058194173:alarm:TargetTracking-service/ebitaus-cluster-dev/ebitaus-user-service-srv-dev-AlarmLow-1a913111-c90b-4dad-ac31-5313d9ca4c8e"
            ],
            "arn": "arn:aws:autoscaling:ap-south-1:265058194173:scalingPolicy:7c9504b5-b197-434f-8c11-1a76ddb869d7:resource/ecs/service/ebitaus-cluster-dev/ebitaus-user-service-srv-dev:policyName/memory-autoscaling",
            "id": "memory-autoscaling",
            "name": "memory-autoscaling",
            "policy_type": "TargetTrackingScaling",
            "resource_id": "service/ebitaus-cluster-dev/ebitaus-user-service-srv-dev",
            "scalable_dimension": "ecs:service:DesiredCount",
            "service_namespace": "ecs",
            "step_scaling_policy_configuration": [],
            "target_tracking_scaling_policy_configuration": [
              {
                "customized_metric_specification": [],
                "disable_scale_in": false,
                "predefined_metric_specification": [
                  {
                    "predefined_metric_type": "ECSServiceAverageMemoryUtilization",
                    "resource_label": ""
                  }
                ],
                "scale_in_cooldown": 300,
                "scale_out_cooldown": 300,
                "target_value": 80
              }
            ]
          },
          "sensitive_attributes": [],
          "private": "bnVsbA==",
          "dependencies": [
            "module.ecr.aws_ecr_repository.main",
            "module.ecr.data.aws_ecr_repository.main",
            "module.ecs.aws_ecs_cluster.main",
            "module.ecs.aws_iam_role.ecs_task_execution_role",
            "module.ecs.aws_iam_role.ecs_task_role",
            "module.secrets.aws_ssm_parameter.application_secrets",
            "module.security_groups.aws_security_group.ecs_tasks",
            "module.services.aws_appautoscaling_target.ecs_target",
            "module.services.aws_cloudwatch_log_group.main",
            "module.services.aws_ecs_service.main",
            "module.services.aws_ecs_task_definition.main",
            "module.services.aws_lb_target_group.main",
            "module.vpc.aws_subnet.private",
            "module.vpc.aws_subnet.public",
            "module.vpc.aws_vpc.main"
          ]
        },
        {
          "index_key": 3,
          "schema_version": 0,
          "attributes": {
            "alarm_arns": [
              "arn:aws:cloudwatch:ap-south-1:265058194173:alarm:TargetTracking-service/ebitaus-cluster-dev/ebitaus-notify-service-srv-dev-AlarmHigh-0fce6fe9-722a-45de-ae34-6fd2e6d09afa",
              "arn:aws:cloudwatch:ap-south-1:265058194173:alarm:TargetTracking-service/ebitaus-cluster-dev/ebitaus-notify-service-srv-dev-AlarmLow-d23f0ae9-63c0-4bcb-b975-bdda4250da99"
            ],
            "arn": "arn:aws:autoscaling:ap-south-1:265058194173:scalingPolicy:c08c6227-29d5-4c55-9ac3-1802b5cc7ecd:resource/ecs/service/ebitaus-cluster-dev/ebitaus-notify-service-srv-dev:policyName/memory-autoscaling",
            "id": "memory-autoscaling",
            "name": "memory-autoscaling",
            "policy_type": "TargetTrackingScaling",
            "resource_id": "service/ebitaus-cluster-dev/ebitaus-notify-service-srv-dev",
            "scalable_dimension": "ecs:service:DesiredCount",
            "service_namespace": "ecs",
            "step_scaling_policy_configuration": [],
            "target_tracking_scaling_policy_configuration": [
              {
                "customized_metric_specification": [],
                "disable_scale_in": false,
                "predefined_metric_specification": [
                  {
                    "predefined_metric_type": "ECSServiceAverageMemoryUtilization",
                    "resource_label": ""
                  }
                ],
                "scale_in_cooldown": 300,
                "scale_out_cooldown": 300,
                "target_value": 80
              }
            ]
          },
          "sensitive_attributes": [],
          "private": "bnVsbA==",
          "dependencies": [
            "module.ecr.aws_ecr_repository.main",
            "module.ecr.data.aws_ecr_repository.main",
            "module.ecs.aws_ecs_cluster.main",
            "module.ecs.aws_iam_role.ecs_task_execution_role",
            "module.ecs.aws_iam_role.ecs_task_role",
            "module.secrets.aws_ssm_parameter.application_secrets",
            "module.security_groups.aws_security_group.ecs_tasks",
            "module.services.aws_appautoscaling_target.ecs_target",
            "module.services.aws_cloudwatch_log_group.main",
            "module.services.aws_ecs_service.main",
            "module.services.aws_ecs_task_definition.main",
            "module.services.aws_lb_target_group.main",
            "module.vpc.aws_subnet.private",
            "module.vpc.aws_subnet.public",
            "module.vpc.aws_vpc.main"
          ]
        }
      ]
    },
    {
      "module": "module.services",
      "mode": "managed",
      "type": "aws_appautoscaling_target",
      "name": "ecs_target",
      "provider": "provider[\"registry.terraform.io/hashicorp/aws\"]",
      "instances": [
        {
          "index_key": 0,
          "schema_version": 0,
          "attributes": {
            "arn": "arn:aws:application-autoscaling:ap-south-1:265058194173:scalable-target/0ec5aae187d7a32247a3810bac07254b9bfa",
            "id": "service/ebitaus-cluster-dev/ebitaus-frontend-service-srv-dev",
            "max_capacity": 4,
            "min_capacity": 1,
            "resource_id": "service/ebitaus-cluster-dev/ebitaus-frontend-service-srv-dev",
            "role_arn": "arn:aws:iam::265058194173:role/aws-service-role/ecs.application-autoscaling.amazonaws.com/AWSServiceRoleForApplicationAutoScaling_ECSService",
            "scalable_dimension": "ecs:service:DesiredCount",
            "service_namespace": "ecs",
            "tags": null,
            "tags_all": {}
          },
          "sensitive_attributes": [],
          "private": "bnVsbA==",
          "dependencies": [
            "module.ecr.aws_ecr_repository.main",
            "module.ecr.data.aws_ecr_repository.main",
            "module.ecs.aws_ecs_cluster.main",
            "module.ecs.aws_iam_role.ecs_task_execution_role",
            "module.ecs.aws_iam_role.ecs_task_role",
            "module.secrets.aws_ssm_parameter.application_secrets",
            "module.security_groups.aws_security_group.ecs_tasks",
            "module.services.aws_cloudwatch_log_group.main",
            "module.services.aws_ecs_service.main",
            "module.services.aws_ecs_task_definition.main",
            "module.services.aws_lb_target_group.main",
            "module.vpc.aws_subnet.private",
            "module.vpc.aws_subnet.public",
            "module.vpc.aws_vpc.main"
          ]
        },
        {
          "index_key": 1,
          "schema_version": 0,
          "attributes": {
            "arn": "arn:aws:application-autoscaling:ap-south-1:265058194173:scalable-target/0ec50a81f5b921144e2f980243a8d6375fb8",
            "id": "service/ebitaus-cluster-dev/ebitaus-document-service-srv-dev",
            "max_capacity": 4,
            "min_capacity": 1,
            "resource_id": "service/ebitaus-cluster-dev/ebitaus-document-service-srv-dev",
            "role_arn": "arn:aws:iam::265058194173:role/aws-service-role/ecs.application-autoscaling.amazonaws.com/AWSServiceRoleForApplicationAutoScaling_ECSService",
            "scalable_dimension": "ecs:service:DesiredCount",
            "service_namespace": "ecs",
            "tags": null,
            "tags_all": {}
          },
          "sensitive_attributes": [],
          "private": "bnVsbA==",
          "dependencies": [
            "module.ecr.aws_ecr_repository.main",
            "module.ecr.data.aws_ecr_repository.main",
            "module.ecs.aws_ecs_cluster.main",
            "module.ecs.aws_iam_role.ecs_task_execution_role",
            "module.ecs.aws_iam_role.ecs_task_role",
            "module.secrets.aws_ssm_parameter.application_secrets",
            "module.security_groups.aws_security_group.ecs_tasks",
            "module.services.aws_cloudwatch_log_group.main",
            "module.services.aws_ecs_service.main",
            "module.services.aws_ecs_task_definition.main",
            "module.services.aws_lb_target_group.main",
            "module.vpc.aws_subnet.private",
            "module.vpc.aws_subnet.public",
            "module.vpc.aws_vpc.main"
          ]
        },
        {
          "index_key": 2,
          "schema_version": 0,
          "attributes": {
            "arn": "arn:aws:application-autoscaling:ap-south-1:265058194173:scalable-target/0ec57c9504b5b197434f8c111a76ddb869d7",
            "id": "service/ebitaus-cluster-dev/ebitaus-user-service-srv-dev",
            "max_capacity": 4,
            "min_capacity": 1,
            "resource_id": "service/ebitaus-cluster-dev/ebitaus-user-service-srv-dev",
            "role_arn": "arn:aws:iam::265058194173:role/aws-service-role/ecs.application-autoscaling.amazonaws.com/AWSServiceRoleForApplicationAutoScaling_ECSService",
            "scalable_dimension": "ecs:service:DesiredCount",
            "service_namespace": "ecs",
            "tags": null,
            "tags_all": {}
          },
          "sensitive_attributes": [],
          "private": "bnVsbA==",
          "dependencies": [
            "module.ecr.aws_ecr_repository.main",
            "module.ecr.data.aws_ecr_repository.main",
            "module.ecs.aws_ecs_cluster.main",
            "module.ecs.aws_iam_role.ecs_task_execution_role",
            "module.ecs.aws_iam_role.ecs_task_role",
            "module.secrets.aws_ssm_parameter.application_secrets",
            "module.security_groups.aws_security_group.ecs_tasks",
            "module.services.aws_cloudwatch_log_group.main",
            "module.services.aws_ecs_service.main",
            "module.services.aws_ecs_task_definition.main",
            "module.services.aws_lb_target_group.main",
            "module.vpc.aws_subnet.private",
            "module.vpc.aws_subnet.public",
            "module.vpc.aws_vpc.main"
          ]
        },
        {
          "index_key": 3,
          "schema_version": 0,
          "attributes": {
            "arn": "arn:aws:application-autoscaling:ap-south-1:265058194173:scalable-target/0ec5c08c622729d54c559ac31802b5cc7ecd",
            "id": "service/ebitaus-cluster-dev/ebitaus-notify-service-srv-dev",
            "max_capacity": 4,
            "min_capacity": 1,
            "resource_id": "service/ebitaus-cluster-dev/ebitaus-notify-service-srv-dev",
            "role_arn": "arn:aws:iam::265058194173:role/aws-service-role/ecs.application-autoscaling.amazonaws.com/AWSServiceRoleForApplicationAutoScaling_ECSService",
            "scalable_dimension": "ecs:service:DesiredCount",
            "service_namespace": "ecs",
            "tags": null,
            "tags_all": {}
          },
          "sensitive_attributes": [],
          "private": "bnVsbA==",
          "dependencies": [
            "module.ecr.aws_ecr_repository.main",
            "module.ecr.data.aws_ecr_repository.main",
            "module.ecs.aws_ecs_cluster.main",
            "module.ecs.aws_iam_role.ecs_task_execution_role",
            "module.ecs.aws_iam_role.ecs_task_role",
            "module.secrets.aws_ssm_parameter.application_secrets",
            "module.security_groups.aws_security_group.ecs_tasks",
            "module.services.aws_cloudwatch_log_group.main",
            "module.services.aws_ecs_service.main",
            "module.services.aws_ecs_task_definition.main",
            "module.services.aws_lb_target_group.main",
            "module.vpc.aws_subnet.private",
            "module.vpc.aws_subnet.public",
            "module.vpc.aws_vpc.main"
          ]
        }
      ]
    },
    {
      "module": "module.services",
      "mode": "managed",
      "type": "aws_cloudwatch_log_group",
      "name": "main",
      "provider": "provider[\"registry.terraform.io/hashicorp/aws\"]",
      "instances": [
        {
          "index_key": 0,
          "schema_version": 0,
          "attributes": {
            "arn": "arn:aws:logs:ap-south-1:265058194173:log-group:/ecs/ebitaus-cluster-dev/frontend-service/ebitaus-task-dev",
            "id": "/ecs/ebitaus-cluster-dev/frontend-service/ebitaus-task-dev",
            "kms_key_id": "",
            "name": "/ecs/ebitaus-cluster-dev/frontend-service/ebitaus-task-dev",
            "name_prefix": "",
            "retention_in_days": 0,
            "skip_destroy": false,
            "tags": {
              "Environment": "dev",
              "Name": "ebitaus-task-dev"
            },
            "tags_all": {
              "Environment": "dev",
              "Name": "ebitaus-task-dev"
            }
          },
          "sensitive_attributes": [],
          "private": "bnVsbA==",
          "dependencies": [
            "module.ecs.aws_ecs_cluster.main"
          ]
        },
        {
          "index_key": 1,
          "schema_version": 0,
          "attributes": {
            "arn": "arn:aws:logs:ap-south-1:265058194173:log-group:/ecs/ebitaus-cluster-dev/document-service/ebitaus-task-dev",
            "id": "/ecs/ebitaus-cluster-dev/document-service/ebitaus-task-dev",
            "kms_key_id": "",
            "name": "/ecs/ebitaus-cluster-dev/document-service/ebitaus-task-dev",
            "name_prefix": "",
            "retention_in_days": 0,
            "skip_destroy": false,
            "tags": {
              "Environment": "dev",
              "Name": "ebitaus-task-dev"
            },
            "tags_all": {
              "Environment": "dev",
              "Name": "ebitaus-task-dev"
            }
          },
          "sensitive_attributes": [],
          "private": "bnVsbA==",
          "dependencies": [
            "module.ecs.aws_ecs_cluster.main"
          ]
        },
        {
          "index_key": 2,
          "schema_version": 0,
          "attributes": {
            "arn": "arn:aws:logs:ap-south-1:265058194173:log-group:/ecs/ebitaus-cluster-dev/user-service/ebitaus-task-dev",
            "id": "/ecs/ebitaus-cluster-dev/user-service/ebitaus-task-dev",
            "kms_key_id": "",
            "name": "/ecs/ebitaus-cluster-dev/user-service/ebitaus-task-dev",
            "name_prefix": "",
            "retention_in_days": 0,
            "skip_destroy": false,
            "tags": {
              "Environment": "dev",
              "Name": "ebitaus-task-dev"
            },
            "tags_all": {
              "Environment": "dev",
              "Name": "ebitaus-task-dev"
            }
          },
          "sensitive_attributes": [],
          "private": "bnVsbA==",
          "dependencies": [
            "module.ecs.aws_ecs_cluster.main"
          ]
        },
        {
          "index_key": 3,
          "schema_version": 0,
          "attributes": {
            "arn": "arn:aws:logs:ap-south-1:265058194173:log-group:/ecs/ebitaus-cluster-dev/notify-service/ebitaus-task-dev",
            "id": "/ecs/ebitaus-cluster-dev/notify-service/ebitaus-task-dev",
            "kms_key_id": "",
            "name": "/ecs/ebitaus-cluster-dev/notify-service/ebitaus-task-dev",
            "name_prefix": "",
            "retention_in_days": 0,
            "skip_destroy": false,
            "tags": {
              "Environment": "dev",
              "Name": "ebitaus-task-dev"
            },
            "tags_all": {
              "Environment": "dev",
              "Name": "ebitaus-task-dev"
            }
          },
          "sensitive_attributes": [],
          "private": "bnVsbA==",
          "dependencies": [
            "module.ecs.aws_ecs_cluster.main"
          ]
        }
      ]
    },
    {
      "module": "module.services",
      "mode": "managed",
      "type": "aws_ecs_service",
      "name": "main",
      "provider": "provider[\"registry.terraform.io/hashicorp/aws\"]",
      "instances": [
        {
          "index_key": 0,
          "schema_version": 0,
          "attributes": {
            "alarms": [],
            "capacity_provider_strategy": [],
            "cluster": "arn:aws:ecs:ap-south-1:265058194173:cluster/ebitaus-cluster-dev",
            "deployment_circuit_breaker": [
              {
                "enable": false,
                "rollback": false
              }
            ],
            "deployment_controller": [
              {
                "type": "ECS"
              }
            ],
            "deployment_maximum_percent": 200,
            "deployment_minimum_healthy_percent": 50,
            "desired_count": 1,
            "enable_ecs_managed_tags": false,
            "enable_execute_command": false,
            "force_new_deployment": null,
            "health_check_grace_period_seconds": 60,
            "iam_role": "/aws-service-role/ecs.amazonaws.com/AWSServiceRoleForECS",
            "id": "arn:aws:ecs:ap-south-1:265058194173:service/ebitaus-cluster-dev/ebitaus-frontend-service-srv-dev",
            "launch_type": "FARGATE",
            "load_balancer": [
              {
                "container_name": "ebitaus-frontend-service-container-dev",
                "container_port": 80,
                "elb_name": "",
                "target_group_arn": "arn:aws:elasticloadbalancing:ap-south-1:265058194173:targetgroup/ebitaus-tg-frontend-service-dev/99638994a1fee44c"
              }
            ],
            "name": "ebitaus-frontend-service-srv-dev",
            "network_configuration": [
              {
                "assign_public_ip": true,
                "security_groups": [
                  "sg-0094e6c95c337c61e",
                  "sg-084f854a00822317b",
                  "sg-08dad6ba3502f96bc",
                  "sg-0bd098e2e8f32ec01"
                ],
                "subnets": [
                  "subnet-03947c0f564a0f027",
                  "subnet-099ab2b89efafb60b",
                  "subnet-0df78d3c1c4618e8b"
                ]
              }
            ],
            "ordered_placement_strategy": [],
            "placement_constraints": [],
            "platform_version": "LATEST",
            "propagate_tags": "NONE",
            "scheduling_strategy": "REPLICA",
            "service_connect_configuration": [],
            "service_registries": [],
            "tags": null,
            "tags_all": {},
            "task_definition": "arn:aws:ecs:ap-south-1:265058194173:task-definition/ebitaus-frontend-service-task-dev:1",
            "timeouts": null,
            "triggers": {},
            "wait_for_steady_state": false
          },
          "sensitive_attributes": [],
          "private": "eyJlMmJmYjczMC1lY2FhLTExZTYtOGY4OC0zNDM2M2JjN2M0YzAiOnsiY3JlYXRlIjoxMjAwMDAwMDAwMDAwLCJkZWxldGUiOjEyMDAwMDAwMDAwMDAsInVwZGF0ZSI6MTIwMDAwMDAwMDAwMH19",
          "dependencies": [
            "module.ecr.aws_ecr_repository.main",
            "module.ecr.data.aws_ecr_repository.main",
            "module.ecs.aws_ecs_cluster.main",
            "module.ecs.aws_iam_role.ecs_task_execution_role",
            "module.ecs.aws_iam_role.ecs_task_role",
            "module.secrets.aws_ssm_parameter.application_secrets",
            "module.security_groups.aws_security_group.ecs_tasks",
            "module.services.aws_cloudwatch_log_group.main",
            "module.services.aws_ecs_task_definition.main",
            "module.services.aws_lb_target_group.main",
            "module.vpc.aws_subnet.private",
            "module.vpc.aws_subnet.public",
            "module.vpc.aws_vpc.main"
          ]
        },
        {
          "index_key": 1,
          "schema_version": 0,
          "attributes": {
            "alarms": [],
            "capacity_provider_strategy": [],
            "cluster": "arn:aws:ecs:ap-south-1:265058194173:cluster/ebitaus-cluster-dev",
            "deployment_circuit_breaker": [
              {
                "enable": false,
                "rollback": false
              }
            ],
            "deployment_controller": [
              {
                "type": "ECS"
              }
            ],
            "deployment_maximum_percent": 200,
            "deployment_minimum_healthy_percent": 50,
            "desired_count": 1,
            "enable_ecs_managed_tags": false,
            "enable_execute_command": false,
            "force_new_deployment": null,
            "health_check_grace_period_seconds": 60,
            "iam_role": "/aws-service-role/ecs.amazonaws.com/AWSServiceRoleForECS",
            "id": "arn:aws:ecs:ap-south-1:265058194173:service/ebitaus-cluster-dev/ebitaus-document-service-srv-dev",
            "launch_type": "FARGATE",
            "load_balancer": [
              {
                "container_name": "ebitaus-document-service-container-dev",
                "container_port": 8082,
                "elb_name": "",
                "target_group_arn": "arn:aws:elasticloadbalancing:ap-south-1:265058194173:targetgroup/ebitaus-tg-document-service-dev/1b356a8ea5a1c50a"
              }
            ],
            "name": "ebitaus-document-service-srv-dev",
            "network_configuration": [
              {
                "assign_public_ip": true,
                "security_groups": [
                  "sg-0094e6c95c337c61e",
                  "sg-084f854a00822317b",
                  "sg-08dad6ba3502f96bc",
                  "sg-0bd098e2e8f32ec01"
                ],
                "subnets": [
                  "subnet-03947c0f564a0f027",
                  "subnet-099ab2b89efafb60b",
                  "subnet-0df78d3c1c4618e8b"
                ]
              }
            ],
            "ordered_placement_strategy": [],
            "placement_constraints": [],
            "platform_version": "LATEST",
            "propagate_tags": "NONE",
            "scheduling_strategy": "REPLICA",
            "service_connect_configuration": [],
            "service_registries": [],
            "tags": null,
            "tags_all": {},
            "task_definition": "arn:aws:ecs:ap-south-1:265058194173:task-definition/ebitaus-document-service-task-dev:22",
            "timeouts": null,
            "triggers": {},
            "wait_for_steady_state": false
          },
          "sensitive_attributes": [],
          "private": "eyJlMmJmYjczMC1lY2FhLTExZTYtOGY4OC0zNDM2M2JjN2M0YzAiOnsiY3JlYXRlIjoxMjAwMDAwMDAwMDAwLCJkZWxldGUiOjEyMDAwMDAwMDAwMDAsInVwZGF0ZSI6MTIwMDAwMDAwMDAwMH19",
          "dependencies": [
            "module.ecr.aws_ecr_repository.main",
            "module.ecr.data.aws_ecr_repository.main",
            "module.ecs.aws_ecs_cluster.main",
            "module.ecs.aws_iam_role.ecs_task_execution_role",
            "module.ecs.aws_iam_role.ecs_task_role",
            "module.secrets.aws_ssm_parameter.application_secrets",
            "module.security_groups.aws_security_group.ecs_tasks",
            "module.services.aws_cloudwatch_log_group.main",
            "module.services.aws_ecs_task_definition.main",
            "module.services.aws_lb_target_group.main",
            "module.vpc.aws_subnet.private",
            "module.vpc.aws_subnet.public",
            "module.vpc.aws_vpc.main"
          ]
        },
        {
          "index_key": 2,
          "schema_version": 0,
          "attributes": {
            "alarms": [],
            "capacity_provider_strategy": [],
            "cluster": "arn:aws:ecs:ap-south-1:265058194173:cluster/ebitaus-cluster-dev",
            "deployment_circuit_breaker": [
              {
                "enable": false,
                "rollback": false
              }
            ],
            "deployment_controller": [
              {
                "type": "ECS"
              }
            ],
            "deployment_maximum_percent": 200,
            "deployment_minimum_healthy_percent": 50,
            "desired_count": 1,
            "enable_ecs_managed_tags": false,
            "enable_execute_command": false,
            "force_new_deployment": null,
            "health_check_grace_period_seconds": 60,
            "iam_role": "/aws-service-role/ecs.amazonaws.com/AWSServiceRoleForECS",
            "id": "arn:aws:ecs:ap-south-1:265058194173:service/ebitaus-cluster-dev/ebitaus-user-service-srv-dev",
            "launch_type": "FARGATE",
            "load_balancer": [
              {
                "container_name": "ebitaus-user-service-container-dev",
                "container_port": 8080,
                "elb_name": "",
                "target_group_arn": "arn:aws:elasticloadbalancing:ap-south-1:265058194173:targetgroup/ebitaus-tg-user-service-dev/ecdedb84191f1a49"
              }
            ],
            "name": "ebitaus-user-service-srv-dev",
            "network_configuration": [
              {
                "assign_public_ip": true,
                "security_groups": [
                  "sg-0094e6c95c337c61e",
                  "sg-084f854a00822317b",
                  "sg-08dad6ba3502f96bc",
                  "sg-0bd098e2e8f32ec01"
                ],
                "subnets": [
                  "subnet-03947c0f564a0f027",
                  "subnet-099ab2b89efafb60b",
                  "subnet-0df78d3c1c4618e8b"
                ]
              }
            ],
            "ordered_placement_strategy": [],
            "placement_constraints": [],
            "platform_version": "LATEST",
            "propagate_tags": "NONE",
            "scheduling_strategy": "REPLICA",
            "service_connect_configuration": [],
            "service_registries": [],
            "tags": null,
            "tags_all": {},
            "task_definition": "arn:aws:ecs:ap-south-1:265058194173:task-definition/ebitaus-user-service-task-dev:18",
            "timeouts": null,
            "triggers": {},
            "wait_for_steady_state": false
          },
          "sensitive_attributes": [],
          "private": "eyJlMmJmYjczMC1lY2FhLTExZTYtOGY4OC0zNDM2M2JjN2M0YzAiOnsiY3JlYXRlIjoxMjAwMDAwMDAwMDAwLCJkZWxldGUiOjEyMDAwMDAwMDAwMDAsInVwZGF0ZSI6MTIwMDAwMDAwMDAwMH19",
          "dependencies": [
            "module.ecr.aws_ecr_repository.main",
            "module.ecr.data.aws_ecr_repository.main",
            "module.ecs.aws_ecs_cluster.main",
            "module.ecs.aws_iam_role.ecs_task_execution_role",
            "module.ecs.aws_iam_role.ecs_task_role",
            "module.secrets.aws_ssm_parameter.application_secrets",
            "module.security_groups.aws_security_group.ecs_tasks",
            "module.services.aws_cloudwatch_log_group.main",
            "module.services.aws_ecs_task_definition.main",
            "module.services.aws_lb_target_group.main",
            "module.vpc.aws_subnet.private",
            "module.vpc.aws_subnet.public",
            "module.vpc.aws_vpc.main"
          ]
        },
        {
          "index_key": 3,
          "schema_version": 0,
          "attributes": {
            "alarms": [],
            "capacity_provider_strategy": [],
            "cluster": "arn:aws:ecs:ap-south-1:265058194173:cluster/ebitaus-cluster-dev",
            "deployment_circuit_breaker": [
              {
                "enable": false,
                "rollback": false
              }
            ],
            "deployment_controller": [
              {
                "type": "ECS"
              }
            ],
            "deployment_maximum_percent": 200,
            "deployment_minimum_healthy_percent": 50,
            "desired_count": 1,
            "enable_ecs_managed_tags": false,
            "enable_execute_command": false,
            "force_new_deployment": null,
            "health_check_grace_period_seconds": 60,
            "iam_role": "/aws-service-role/ecs.amazonaws.com/AWSServiceRoleForECS",
            "id": "arn:aws:ecs:ap-south-1:265058194173:service/ebitaus-cluster-dev/ebitaus-notify-service-srv-dev",
            "launch_type": "FARGATE",
            "load_balancer": [
              {
                "container_name": "ebitaus-notify-service-container-dev",
                "container_port": 8081,
                "elb_name": "",
                "target_group_arn": "arn:aws:elasticloadbalancing:ap-south-1:265058194173:targetgroup/ebitaus-tg-notify-service-dev/88cf708c101ce037"
              }
            ],
            "name": "ebitaus-notify-service-srv-dev",
            "network_configuration": [
              {
                "assign_public_ip": true,
                "security_groups": [
                  "sg-0094e6c95c337c61e",
                  "sg-084f854a00822317b",
                  "sg-08dad6ba3502f96bc",
                  "sg-0bd098e2e8f32ec01"
                ],
                "subnets": [
                  "subnet-03947c0f564a0f027",
                  "subnet-099ab2b89efafb60b",
                  "subnet-0df78d3c1c4618e8b"
                ]
              }
            ],
            "ordered_placement_strategy": [],
            "placement_constraints": [],
            "platform_version": "LATEST",
            "propagate_tags": "NONE",
            "scheduling_strategy": "REPLICA",
            "service_connect_configuration": [],
            "service_registries": [],
            "tags": null,
            "tags_all": {},
            "task_definition": "arn:aws:ecs:ap-south-1:265058194173:task-definition/ebitaus-notify-service-task-dev:1",
            "timeouts": null,
            "triggers": {},
            "wait_for_steady_state": false
          },
          "sensitive_attributes": [],
          "private": "eyJlMmJmYjczMC1lY2FhLTExZTYtOGY4OC0zNDM2M2JjN2M0YzAiOnsiY3JlYXRlIjoxMjAwMDAwMDAwMDAwLCJkZWxldGUiOjEyMDAwMDAwMDAwMDAsInVwZGF0ZSI6MTIwMDAwMDAwMDAwMH19",
          "dependencies": [
            "module.ecr.aws_ecr_repository.main",
            "module.ecr.data.aws_ecr_repository.main",
            "module.ecs.aws_ecs_cluster.main",
            "module.ecs.aws_iam_role.ecs_task_execution_role",
            "module.ecs.aws_iam_role.ecs_task_role",
            "module.secrets.aws_ssm_parameter.application_secrets",
            "module.security_groups.aws_security_group.ecs_tasks",
            "module.services.aws_cloudwatch_log_group.main",
            "module.services.aws_ecs_task_definition.main",
            "module.services.aws_lb_target_group.main",
            "module.vpc.aws_subnet.private",
            "module.vpc.aws_subnet.public",
            "module.vpc.aws_vpc.main"
          ]
        }
      ]
    },
    {
      "module": "module.services",
      "mode": "managed",
      "type": "aws_ecs_task_definition",
      "name": "main",
      "provider": "provider[\"registry.terraform.io/hashicorp/aws\"]",
      "instances": [
        {
          "index_key": 0,
          "schema_version": 1,
          "attributes": {
            "arn": "arn:aws:ecs:ap-south-1:265058194173:task-definition/ebitaus-frontend-service-task-dev:1",
            "arn_without_revision": "arn:aws:ecs:ap-south-1:265058194173:task-definition/ebitaus-frontend-service-task-dev",
            "container_definitions": "[{\"cpu\":0,\"environment\":[{\"name\":\"LOG_LEVEL\",\"value\":\"DEBUG\"},{\"name\":\"PORT\",\"value\":\"8080\"}],\"essential\":true,\"image\":\"265058194173.dkr.ecr.ap-south-1.amazonaws.com/frontend-service:latest\",\"logConfiguration\":{\"logDriver\":\"awslogs\",\"options\":{\"awslogs-group\":\"/ecs/ebitaus-cluster-dev/frontend-service/ebitaus-task-dev\",\"awslogs-region\":\"ap-south-1\",\"awslogs-stream-prefix\":\"ecs\"}},\"mountPoints\":[],\"name\":\"ebitaus-frontend-service-container-dev\",\"portMappings\":[{\"containerPort\":80,\"hostPort\":80,\"protocol\":\"tcp\"}],\"secrets\":[{\"name\":\"aws_access_key_id\",\"valueFrom\":\"arn:aws:ssm:ap-south-1:265058194173:parameter/ebitaus/dev/aws_access_key_id\"},{\"name\":\"aws_secret_access_key\",\"valueFrom\":\"arn:aws:ssm:ap-south-1:265058194173:parameter/ebitaus/dev/aws_secret_access_key\"}],\"volumesFrom\":[]}]",
            "cpu": "256",
            "ephemeral_storage": [],
            "execution_role_arn": "arn:aws:iam::265058194173:role/ebitaus-ecsTaskExecutionRole-dev",
            "family": "ebitaus-frontend-service-task-dev",
            "id": "ebitaus-frontend-service-task-dev",
            "inference_accelerator": [],
            "ipc_mode": "",
            "memory": "512",
            "network_mode": "awsvpc",
            "pid_mode": "",
            "placement_constraints": [],
            "proxy_configuration": [],
            "requires_compatibilities": [
              "FARGATE"
            ],
            "revision": 1,
            "runtime_platform": [],
            "skip_destroy": false,
            "tags": {
              "Environment": "dev",
              "Name": "ebitaus-frontend-service-task-dev"
            },
            "tags_all": {
              "Environment": "dev",
              "Name": "ebitaus-frontend-service-task-dev"
            },
            "task_role_arn": "arn:aws:iam::265058194173:role/ebitaus-ecsTaskRole-dev",
            "volume": []
          },
          "sensitive_attributes": [],
          "private": "eyJzY2hlbWFfdmVyc2lvbiI6IjEifQ==",
          "dependencies": [
            "module.ecr.aws_ecr_repository.main",
            "module.ecr.data.aws_ecr_repository.main",
            "module.ecs.aws_ecs_cluster.main",
            "module.ecs.aws_iam_role.ecs_task_execution_role",
            "module.ecs.aws_iam_role.ecs_task_role",
            "module.secrets.aws_ssm_parameter.application_secrets",
            "module.services.aws_cloudwatch_log_group.main"
          ]
        },
        {
          "index_key": 1,
          "schema_version": 1,
          "attributes": {
            "arn": "arn:aws:ecs:ap-south-1:265058194173:task-definition/ebitaus-document-service-task-dev:22",
            "arn_without_revision": "arn:aws:ecs:ap-south-1:265058194173:task-definition/ebitaus-document-service-task-dev",
            "container_definitions": "[{\"cpu\":0,\"environment\":[{\"name\":\"LOG_LEVEL\",\"value\":\"DEBUG\"},{\"name\":\"PORT\",\"value\":\"8080\"}],\"essential\":true,\"image\":\"265058194173.dkr.ecr.ap-south-1.amazonaws.com/document-service:latest\",\"logConfiguration\":{\"logDriver\":\"awslogs\",\"options\":{\"awslogs-group\":\"/ecs/ebitaus-cluster-dev/document-service/ebitaus-task-dev\",\"awslogs-region\":\"ap-south-1\",\"awslogs-stream-prefix\":\"ecs\"}},\"mountPoints\":[],\"name\":\"ebitaus-document-service-container-dev\",\"portMappings\":[{\"containerPort\":8082,\"hostPort\":8082,\"protocol\":\"tcp\"}],\"secrets\":[{\"name\":\"aws_access_key_id\",\"valueFrom\":\"arn:aws:ssm:ap-south-1:265058194173:parameter/ebitaus/dev/aws_access_key_id\"},{\"name\":\"aws_secret_access_key\",\"valueFrom\":\"arn:aws:ssm:ap-south-1:265058194173:parameter/ebitaus/dev/aws_secret_access_key\"}],\"volumesFrom\":[]}]",
            "cpu": "256",
            "ephemeral_storage": [],
            "execution_role_arn": "arn:aws:iam::265058194173:role/ebitaus-ecsTaskExecutionRole-dev",
            "family": "ebitaus-document-service-task-dev",
            "id": "ebitaus-document-service-task-dev",
            "inference_accelerator": [],
            "ipc_mode": "",
            "memory": "512",
            "network_mode": "awsvpc",
            "pid_mode": "",
            "placement_constraints": [],
            "proxy_configuration": [],
            "requires_compatibilities": [
              "FARGATE"
            ],
            "revision": 22,
            "runtime_platform": [],
            "skip_destroy": false,
            "tags": {
              "Environment": "dev",
              "Name": "ebitaus-document-service-task-dev"
            },
            "tags_all": {
              "Environment": "dev",
              "Name": "ebitaus-document-service-task-dev"
            },
            "task_role_arn": "arn:aws:iam::265058194173:role/ebitaus-ecsTaskRole-dev",
            "volume": []
          },
          "sensitive_attributes": [],
          "private": "eyJzY2hlbWFfdmVyc2lvbiI6IjEifQ==",
          "dependencies": [
            "module.ecr.aws_ecr_repository.main",
            "module.ecr.data.aws_ecr_repository.main",
            "module.ecs.aws_ecs_cluster.main",
            "module.ecs.aws_iam_role.ecs_task_execution_role",
            "module.ecs.aws_iam_role.ecs_task_role",
            "module.secrets.aws_ssm_parameter.application_secrets",
            "module.services.aws_cloudwatch_log_group.main"
          ]
        },
        {
          "index_key": 2,
          "schema_version": 1,
          "attributes": {
            "arn": "arn:aws:ecs:ap-south-1:265058194173:task-definition/ebitaus-user-service-task-dev:18",
            "arn_without_revision": "arn:aws:ecs:ap-south-1:265058194173:task-definition/ebitaus-user-service-task-dev",
            "container_definitions": "[{\"cpu\":0,\"environment\":[{\"name\":\"LOG_LEVEL\",\"value\":\"DEBUG\"},{\"name\":\"PORT\",\"value\":\"8080\"}],\"essential\":true,\"image\":\"265058194173.dkr.ecr.ap-south-1.amazonaws.com/user-service:latest\",\"logConfiguration\":{\"logDriver\":\"awslogs\",\"options\":{\"awslogs-group\":\"/ecs/ebitaus-cluster-dev/user-service/ebitaus-task-dev\",\"awslogs-region\":\"ap-south-1\",\"awslogs-stream-prefix\":\"ecs\"}},\"mountPoints\":[],\"name\":\"ebitaus-user-service-container-dev\",\"portMappings\":[{\"containerPort\":8080,\"hostPort\":8080,\"protocol\":\"tcp\"}],\"secrets\":[{\"name\":\"aws_access_key_id\",\"valueFrom\":\"arn:aws:ssm:ap-south-1:265058194173:parameter/ebitaus/dev/aws_access_key_id\"},{\"name\":\"aws_secret_access_key\",\"valueFrom\":\"arn:aws:ssm:ap-south-1:265058194173:parameter/ebitaus/dev/aws_secret_access_key\"}],\"volumesFrom\":[]}]",
            "cpu": "256",
            "ephemeral_storage": [],
            "execution_role_arn": "arn:aws:iam::265058194173:role/ebitaus-ecsTaskExecutionRole-dev",
            "family": "ebitaus-user-service-task-dev",
            "id": "ebitaus-user-service-task-dev",
            "inference_accelerator": [],
            "ipc_mode": "",
            "memory": "512",
            "network_mode": "awsvpc",
            "pid_mode": "",
            "placement_constraints": [],
            "proxy_configuration": [],
            "requires_compatibilities": [
              "FARGATE"
            ],
            "revision": 18,
            "runtime_platform": [],
            "skip_destroy": false,
            "tags": {
              "Environment": "dev",
              "Name": "ebitaus-user-service-task-dev"
            },
            "tags_all": {
              "Environment": "dev",
              "Name": "ebitaus-user-service-task-dev"
            },
            "task_role_arn": "arn:aws:iam::265058194173:role/ebitaus-ecsTaskRole-dev",
            "volume": []
          },
          "sensitive_attributes": [],
          "private": "eyJzY2hlbWFfdmVyc2lvbiI6IjEifQ==",
          "dependencies": [
            "module.ecr.aws_ecr_repository.main",
            "module.ecr.data.aws_ecr_repository.main",
            "module.ecs.aws_ecs_cluster.main",
            "module.ecs.aws_iam_role.ecs_task_execution_role",
            "module.ecs.aws_iam_role.ecs_task_role",
            "module.secrets.aws_ssm_parameter.application_secrets",
            "module.services.aws_cloudwatch_log_group.main"
          ]
        },
        {
          "index_key": 3,
          "schema_version": 1,
          "attributes": {
            "arn": "arn:aws:ecs:ap-south-1:265058194173:task-definition/ebitaus-notify-service-task-dev:1",
            "arn_without_revision": "arn:aws:ecs:ap-south-1:265058194173:task-definition/ebitaus-notify-service-task-dev",
            "container_definitions": "[{\"cpu\":0,\"environment\":[{\"name\":\"LOG_LEVEL\",\"value\":\"DEBUG\"},{\"name\":\"PORT\",\"value\":\"8080\"}],\"essential\":true,\"image\":\"265058194173.dkr.ecr.ap-south-1.amazonaws.com/notify-service:latest\",\"logConfiguration\":{\"logDriver\":\"awslogs\",\"options\":{\"awslogs-group\":\"/ecs/ebitaus-cluster-dev/notify-service/ebitaus-task-dev\",\"awslogs-region\":\"ap-south-1\",\"awslogs-stream-prefix\":\"ecs\"}},\"mountPoints\":[],\"name\":\"ebitaus-notify-service-container-dev\",\"portMappings\":[{\"containerPort\":8081,\"hostPort\":8081,\"protocol\":\"tcp\"}],\"secrets\":[{\"name\":\"aws_access_key_id\",\"valueFrom\":\"arn:aws:ssm:ap-south-1:265058194173:parameter/ebitaus/dev/aws_access_key_id\"},{\"name\":\"aws_secret_access_key\",\"valueFrom\":\"arn:aws:ssm:ap-south-1:265058194173:parameter/ebitaus/dev/aws_secret_access_key\"}],\"volumesFrom\":[]}]",
            "cpu": "256",
            "ephemeral_storage": [],
            "execution_role_arn": "arn:aws:iam::265058194173:role/ebitaus-ecsTaskExecutionRole-dev",
            "family": "ebitaus-notify-service-task-dev",
            "id": "ebitaus-notify-service-task-dev",
            "inference_accelerator": [],
            "ipc_mode": "",
            "memory": "512",
            "network_mode": "awsvpc",
            "pid_mode": "",
            "placement_constraints": [],
            "proxy_configuration": [],
            "requires_compatibilities": [
              "FARGATE"
            ],
            "revision": 1,
            "runtime_platform": [],
            "skip_destroy": false,
            "tags": {
              "Environment": "dev",
              "Name": "ebitaus-notify-service-task-dev"
            },
            "tags_all": {
              "Environment": "dev",
              "Name": "ebitaus-notify-service-task-dev"
            },
            "task_role_arn": "arn:aws:iam::265058194173:role/ebitaus-ecsTaskRole-dev",
            "volume": []
          },
          "sensitive_attributes": [],
          "private": "eyJzY2hlbWFfdmVyc2lvbiI6IjEifQ==",
          "dependencies": [
            "module.ecr.aws_ecr_repository.main",
            "module.ecr.data.aws_ecr_repository.main",
            "module.ecs.aws_ecs_cluster.main",
            "module.ecs.aws_iam_role.ecs_task_execution_role",
            "module.ecs.aws_iam_role.ecs_task_role",
            "module.secrets.aws_ssm_parameter.application_secrets",
            "module.services.aws_cloudwatch_log_group.main"
          ]
        }
      ]
    },
    {
      "module": "module.services",
      "mode": "managed",
      "type": "aws_lb_listener",
      "name": "http",
      "provider": "provider[\"registry.terraform.io/hashicorp/aws\"]",
      "instances": [
        {
          "schema_version": 0,
          "attributes": {
            "alpn_policy": null,
            "arn": "arn:aws:elasticloadbalancing:ap-south-1:265058194173:listener/app/ebitaus-alb-dev/82e7e46d5d9de7f0/3af14913584c4b63",
            "certificate_arn": null,
            "default_action": [
              {
                "authenticate_cognito": [],
                "authenticate_oidc": [],
                "fixed_response": [],
                "forward": [],
                "order": 1,
                "redirect": [],
                "target_group_arn": "arn:aws:elasticloadbalancing:ap-south-1:265058194173:targetgroup/ebitaus-tg-frontend-service-dev/99638994a1fee44c",
                "type": "forward"
              }
            ],
            "id": "arn:aws:elasticloadbalancing:ap-south-1:265058194173:listener/app/ebitaus-alb-dev/82e7e46d5d9de7f0/3af14913584c4b63",
            "load_balancer_arn": "arn:aws:elasticloadbalancing:ap-south-1:265058194173:loadbalancer/app/ebitaus-alb-dev/82e7e46d5d9de7f0",
            "port": 80,
            "protocol": "HTTP",
            "ssl_policy": "",
            "tags": null,
            "tags_all": {},
            "timeouts": null
          },
          "sensitive_attributes": [],
          "private": "eyJlMmJmYjczMC1lY2FhLTExZTYtOGY4OC0zNDM2M2JjN2M0YzAiOnsicmVhZCI6NjAwMDAwMDAwMDAwfX0=",
          "dependencies": [
            "module.alb.aws_lb.main",
            "module.security_groups.aws_security_group.alb",
            "module.services.aws_lb_target_group.main",
            "module.vpc.aws_subnet.public",
            "module.vpc.aws_vpc.main"
          ]
        }
      ]
    },
    {
      "module": "module.services",
      "mode": "managed",
      "type": "aws_lb_listener_rule",
      "name": "main",
      "provider": "provider[\"registry.terraform.io/hashicorp/aws\"]",
      "instances": [
        {
          "index_key": 0,
          "schema_version": 0,
          "attributes": {
            "action": [
              {
                "authenticate_cognito": [],
                "authenticate_oidc": [],
                "fixed_response": [],
                "forward": [],
                "order": 1,
                "redirect": [],
                "target_group_arn": "arn:aws:elasticloadbalancing:ap-south-1:265058194173:targetgroup/ebitaus-tg-frontend-service-dev/99638994a1fee44c",
                "type": "forward"
              }
            ],
            "arn": "arn:aws:elasticloadbalancing:ap-south-1:265058194173:listener-rule/app/ebitaus-alb-dev/82e7e46d5d9de7f0/3af14913584c4b63/3ab718f73a0da4f0",
            "condition": [
              {
                "host_header": [],
                "http_header": [],
                "http_request_method": [],
                "path_pattern": [
                  {
                    "values": [
                      "/*"
                    ]
                  }
                ],
                "query_string": [],
                "source_ip": []
              }
            ],
            "id": "arn:aws:elasticloadbalancing:ap-south-1:265058194173:listener-rule/app/ebitaus-alb-dev/82e7e46d5d9de7f0/3af14913584c4b63/3ab718f73a0da4f0",
            "listener_arn": "arn:aws:elasticloadbalancing:ap-south-1:265058194173:listener/app/ebitaus-alb-dev/82e7e46d5d9de7f0/3af14913584c4b63",
            "priority": 100,
            "tags": null,
            "tags_all": {}
          },
          "sensitive_attributes": [],
          "private": "bnVsbA==",
          "dependencies": [
            "module.alb.aws_lb.main",
            "module.security_groups.aws_security_group.alb",
            "module.services.aws_lb_listener.http",
            "module.services.aws_lb_target_group.main",
            "module.vpc.aws_subnet.public",
            "module.vpc.aws_vpc.main"
          ]
        },
        {
          "index_key": 1,
          "schema_version": 0,
          "attributes": {
            "action": [
              {
                "authenticate_cognito": [],
                "authenticate_oidc": [],
                "fixed_response": [],
                "forward": [],
                "order": 1,
                "redirect": [],
                "target_group_arn": "arn:aws:elasticloadbalancing:ap-south-1:265058194173:targetgroup/ebitaus-tg-document-service-dev/1b356a8ea5a1c50a",
                "type": "forward"
              }
            ],
            "arn": "arn:aws:elasticloadbalancing:ap-south-1:265058194173:listener-rule/app/ebitaus-alb-dev/82e7e46d5d9de7f0/3af14913584c4b63/c8e271933fdf99fa",
            "condition": [
              {
                "host_header": [],
                "http_header": [],
                "http_request_method": [],
                "path_pattern": [
                  {
                    "values": [
                      "/document-service/*"
                    ]
                  }
                ],
                "query_string": [],
                "source_ip": []
              }
            ],
            "id": "arn:aws:elasticloadbalancing:ap-south-1:265058194173:listener-rule/app/ebitaus-alb-dev/82e7e46d5d9de7f0/3af14913584c4b63/c8e271933fdf99fa",
            "listener_arn": "arn:aws:elasticloadbalancing:ap-south-1:265058194173:listener/app/ebitaus-alb-dev/82e7e46d5d9de7f0/3af14913584c4b63",
            "priority": 80,
            "tags": null,
            "tags_all": {}
          },
          "sensitive_attributes": [],
          "private": "bnVsbA==",
          "dependencies": [
            "module.alb.aws_lb.main",
            "module.security_groups.aws_security_group.alb",
            "module.services.aws_lb_listener.http",
            "module.services.aws_lb_target_group.main",
            "module.vpc.aws_subnet.public",
            "module.vpc.aws_vpc.main"
          ]
        },
        {
          "index_key": 2,
          "schema_version": 0,
          "attributes": {
            "action": [
              {
                "authenticate_cognito": [],
                "authenticate_oidc": [],
                "fixed_response": [],
                "forward": [],
                "order": 1,
                "redirect": [],
                "target_group_arn": "arn:aws:elasticloadbalancing:ap-south-1:265058194173:targetgroup/ebitaus-tg-user-service-dev/ecdedb84191f1a49",
                "type": "forward"
              }
            ],
            "arn": "arn:aws:elasticloadbalancing:ap-south-1:265058194173:listener-rule/app/ebitaus-alb-dev/82e7e46d5d9de7f0/3af14913584c4b63/e1879b1c3ef4a999",
            "condition": [
              {
                "host_header": [],
                "http_header": [],
                "http_request_method": [],
                "path_pattern": [
                  {
                    "values": [
                      "/user-service/*"
                    ]
                  }
                ],
                "query_string": [],
                "source_ip": []
              }
            ],
            "id": "arn:aws:elasticloadbalancing:ap-south-1:265058194173:listener-rule/app/ebitaus-alb-dev/82e7e46d5d9de7f0/3af14913584c4b63/e1879b1c3ef4a999",
            "listener_arn": "arn:aws:elasticloadbalancing:ap-south-1:265058194173:listener/app/ebitaus-alb-dev/82e7e46d5d9de7f0/3af14913584c4b63",
            "priority": 70,
            "tags": null,
            "tags_all": {}
          },
          "sensitive_attributes": [],
          "private": "bnVsbA==",
          "dependencies": [
            "module.alb.aws_lb.main",
            "module.security_groups.aws_security_group.alb",
            "module.services.aws_lb_listener.http",
            "module.services.aws_lb_target_group.main",
            "module.vpc.aws_subnet.public",
            "module.vpc.aws_vpc.main"
          ]
        },
        {
          "index_key": 3,
          "schema_version": 0,
          "attributes": {
            "action": [
              {
                "authenticate_cognito": [],
                "authenticate_oidc": [],
                "fixed_response": [],
                "forward": [],
                "order": 1,
                "redirect": [],
                "target_group_arn": "arn:aws:elasticloadbalancing:ap-south-1:265058194173:targetgroup/ebitaus-tg-notify-service-dev/88cf708c101ce037",
                "type": "forward"
              }
            ],
            "arn": "arn:aws:elasticloadbalancing:ap-south-1:265058194173:listener-rule/app/ebitaus-alb-dev/82e7e46d5d9de7f0/3af14913584c4b63/093bd2bdcb6bde5b",
            "condition": [
              {
                "host_header": [],
                "http_header": [],
                "http_request_method": [],
                "path_pattern": [
                  {
                    "values": [
                      "/notification-service/*"
                    ]
                  }
                ],
                "query_string": [],
                "source_ip": []
              }
            ],
            "id": "arn:aws:elasticloadbalancing:ap-south-1:265058194173:listener-rule/app/ebitaus-alb-dev/82e7e46d5d9de7f0/3af14913584c4b63/093bd2bdcb6bde5b",
            "listener_arn": "arn:aws:elasticloadbalancing:ap-south-1:265058194173:listener/app/ebitaus-alb-dev/82e7e46d5d9de7f0/3af14913584c4b63",
            "priority": 60,
            "tags": null,
            "tags_all": {}
          },
          "sensitive_attributes": [],
          "private": "bnVsbA==",
          "dependencies": [
            "module.alb.aws_lb.main",
            "module.security_groups.aws_security_group.alb",
            "module.services.aws_lb_listener.http",
            "module.services.aws_lb_target_group.main",
            "module.vpc.aws_subnet.public",
            "module.vpc.aws_vpc.main"
          ]
        }
      ]
    },
    {
      "module": "module.services",
      "mode": "managed",
      "type": "aws_lb_target_group",
      "name": "main",
      "provider": "provider[\"registry.terraform.io/hashicorp/aws\"]",
      "instances": [
        {
          "index_key": 0,
          "schema_version": 0,
          "attributes": {
            "arn": "arn:aws:elasticloadbalancing:ap-south-1:265058194173:targetgroup/ebitaus-tg-frontend-service-dev/99638994a1fee44c",
            "arn_suffix": "targetgroup/ebitaus-tg-frontend-service-dev/99638994a1fee44c",
            "connection_termination": false,
            "deregistration_delay": "300",
            "health_check": [
              {
                "enabled": true,
                "healthy_threshold": 3,
                "interval": 30,
                "matcher": "200",
                "path": "/",
                "port": "traffic-port",
                "protocol": "HTTP",
                "timeout": 3,
                "unhealthy_threshold": 2
              }
            ],
            "id": "arn:aws:elasticloadbalancing:ap-south-1:265058194173:targetgroup/ebitaus-tg-frontend-service-dev/99638994a1fee44c",
            "ip_address_type": "ipv4",
            "lambda_multi_value_headers_enabled": false,
            "load_balancing_algorithm_type": "round_robin",
            "load_balancing_cross_zone_enabled": "use_load_balancer_configuration",
            "name": "ebitaus-tg-frontend-service-dev",
            "name_prefix": null,
            "port": 80,
            "preserve_client_ip": null,
            "protocol": "HTTP",
            "protocol_version": "HTTP1",
            "proxy_protocol_v2": false,
            "slow_start": 0,
            "stickiness": [
              {
                "cookie_duration": 86400,
                "cookie_name": "",
                "enabled": false,
                "type": "lb_cookie"
              }
            ],
            "tags": {
              "Environment": "dev",
              "Name": "ebitaus-tg-frontend-service-dev"
            },
            "tags_all": {
              "Environment": "dev",
              "Name": "ebitaus-tg-frontend-service-dev"
            },
            "target_failover": [
              {
                "on_deregistration": null,
                "on_unhealthy": null
              }
            ],
            "target_type": "ip",
            "vpc_id": "vpc-01b5af867be85d6f7"
          },
          "sensitive_attributes": [],
          "private": "bnVsbA==",
          "dependencies": [
            "module.vpc.aws_vpc.main"
          ]
        },
        {
          "index_key": 1,
          "schema_version": 0,
          "attributes": {
            "arn": "arn:aws:elasticloadbalancing:ap-south-1:265058194173:targetgroup/ebitaus-tg-document-service-dev/1b356a8ea5a1c50a",
            "arn_suffix": "targetgroup/ebitaus-tg-document-service-dev/1b356a8ea5a1c50a",
            "connection_termination": false,
            "deregistration_delay": "300",
            "health_check": [
              {
                "enabled": true,
                "healthy_threshold": 3,
                "interval": 30,
                "matcher": "200",
                "path": "/document-service/api/actuator/health",
                "port": "traffic-port",
                "protocol": "HTTP",
                "timeout": 3,
                "unhealthy_threshold": 2
              }
            ],
            "id": "arn:aws:elasticloadbalancing:ap-south-1:265058194173:targetgroup/ebitaus-tg-document-service-dev/1b356a8ea5a1c50a",
            "ip_address_type": "ipv4",
            "lambda_multi_value_headers_enabled": false,
            "load_balancing_algorithm_type": "round_robin",
            "load_balancing_cross_zone_enabled": "use_load_balancer_configuration",
            "name": "ebitaus-tg-document-service-dev",
            "name_prefix": null,
            "port": 80,
            "preserve_client_ip": null,
            "protocol": "HTTP",
            "protocol_version": "HTTP1",
            "proxy_protocol_v2": false,
            "slow_start": 0,
            "stickiness": [
              {
                "cookie_duration": 86400,
                "cookie_name": "",
                "enabled": false,
                "type": "lb_cookie"
              }
            ],
            "tags": {
              "Environment": "dev",
              "Name": "ebitaus-tg-document-service-dev"
            },
            "tags_all": {
              "Environment": "dev",
              "Name": "ebitaus-tg-document-service-dev"
            },
            "target_failover": [
              {
                "on_deregistration": null,
                "on_unhealthy": null
              }
            ],
            "target_type": "ip",
            "vpc_id": "vpc-01b5af867be85d6f7"
          },
          "sensitive_attributes": [],
          "private": "bnVsbA==",
          "dependencies": [
            "module.vpc.aws_vpc.main"
          ]
        },
        {
          "index_key": 2,
          "schema_version": 0,
          "attributes": {
            "arn": "arn:aws:elasticloadbalancing:ap-south-1:265058194173:targetgroup/ebitaus-tg-user-service-dev/ecdedb84191f1a49",
            "arn_suffix": "targetgroup/ebitaus-tg-user-service-dev/ecdedb84191f1a49",
            "connection_termination": false,
            "deregistration_delay": "300",
            "health_check": [
              {
                "enabled": true,
                "healthy_threshold": 3,
                "interval": 30,
                "matcher": "200",
                "path": "/user-service/api/actuator/health",
                "port": "traffic-port",
                "protocol": "HTTP",
                "timeout": 3,
                "unhealthy_threshold": 2
              }
            ],
            "id": "arn:aws:elasticloadbalancing:ap-south-1:265058194173:targetgroup/ebitaus-tg-user-service-dev/ecdedb84191f1a49",
            "ip_address_type": "ipv4",
            "lambda_multi_value_headers_enabled": false,
            "load_balancing_algorithm_type": "round_robin",
            "load_balancing_cross_zone_enabled": "use_load_balancer_configuration",
            "name": "ebitaus-tg-user-service-dev",
            "name_prefix": null,
            "port": 80,
            "preserve_client_ip": null,
            "protocol": "HTTP",
            "protocol_version": "HTTP1",
            "proxy_protocol_v2": false,
            "slow_start": 0,
            "stickiness": [
              {
                "cookie_duration": 86400,
                "cookie_name": "",
                "enabled": false,
                "type": "lb_cookie"
              }
            ],
            "tags": {
              "Environment": "dev",
              "Name": "ebitaus-tg-user-service-dev"
            },
            "tags_all": {
              "Environment": "dev",
              "Name": "ebitaus-tg-user-service-dev"
            },
            "target_failover": [
              {
                "on_deregistration": null,
                "on_unhealthy": null
              }
            ],
            "target_type": "ip",
            "vpc_id": "vpc-01b5af867be85d6f7"
          },
          "sensitive_attributes": [],
          "private": "bnVsbA==",
          "dependencies": [
            "module.vpc.aws_vpc.main"
          ]
        },
        {
          "index_key": 3,
          "schema_version": 0,
          "attributes": {
            "arn": "arn:aws:elasticloadbalancing:ap-south-1:265058194173:targetgroup/ebitaus-tg-notify-service-dev/88cf708c101ce037",
            "arn_suffix": "targetgroup/ebitaus-tg-notify-service-dev/88cf708c101ce037",
            "connection_termination": false,
            "deregistration_delay": "300",
            "health_check": [
              {
                "enabled": true,
                "healthy_threshold": 3,
                "interval": 30,
                "matcher": "200",
                "path": "/notification-service/api/actuator/health",
                "port": "traffic-port",
                "protocol": "HTTP",
                "timeout": 3,
                "unhealthy_threshold": 2
              }
            ],
            "id": "arn:aws:elasticloadbalancing:ap-south-1:265058194173:targetgroup/ebitaus-tg-notify-service-dev/88cf708c101ce037",
            "ip_address_type": "ipv4",
            "lambda_multi_value_headers_enabled": false,
            "load_balancing_algorithm_type": "round_robin",
            "load_balancing_cross_zone_enabled": "use_load_balancer_configuration",
            "name": "ebitaus-tg-notify-service-dev",
            "name_prefix": null,
            "port": 80,
            "preserve_client_ip": null,
            "protocol": "HTTP",
            "protocol_version": "HTTP1",
            "proxy_protocol_v2": false,
            "slow_start": 0,
            "stickiness": [
              {
                "cookie_duration": 86400,
                "cookie_name": "",
                "enabled": false,
                "type": "lb_cookie"
              }
            ],
            "tags": {
              "Environment": "dev",
              "Name": "ebitaus-tg-notify-service-dev"
            },
            "tags_all": {
              "Environment": "dev",
              "Name": "ebitaus-tg-notify-service-dev"
            },
            "target_failover": [
              {
                "on_deregistration": null,
                "on_unhealthy": null
              }
            ],
            "target_type": "ip",
            "vpc_id": "vpc-01b5af867be85d6f7"
          },
          "sensitive_attributes": [],
          "private": "bnVsbA==",
          "dependencies": [
            "module.vpc.aws_vpc.main"
          ]
        }
      ]
    },
    {
      "module": "module.vpc",
      "mode": "managed",
      "type": "aws_cloudwatch_log_group",
      "name": "main",
      "provider": "provider[\"registry.terraform.io/hashicorp/aws\"]",
      "instances": [
        {
          "schema_version": 0,
          "attributes": {
            "arn": "arn:aws:logs:ap-south-1:265058194173:log-group:ebitaus-cloudwatch-log-group-dev",
            "id": "ebitaus-cloudwatch-log-group-dev",
            "kms_key_id": "",
            "name": "ebitaus-cloudwatch-log-group-dev",
            "name_prefix": "",
            "retention_in_days": 0,
            "skip_destroy": false,
            "tags": null,
            "tags_all": {}
          },
          "sensitive_attributes": [],
          "private": "bnVsbA=="
        }
      ]
    },
    {
      "module": "module.vpc",
      "mode": "managed",
      "type": "aws_flow_log",
      "name": "main",
      "provider": "provider[\"registry.terraform.io/hashicorp/aws\"]",
      "instances": [
        {
          "schema_version": 0,
          "attributes": {
            "arn": "arn:aws:ec2:ap-south-1:265058194173:vpc-flow-log/fl-045825e5e36dd436c",
            "deliver_cross_account_role": "",
            "destination_options": [],
            "eni_id": null,
            "iam_role_arn": "arn:aws:iam::265058194173:role/ebitaus-vpc-flow-logs-role-dev",
            "id": "fl-045825e5e36dd436c",
            "log_destination": "arn:aws:logs:ap-south-1:265058194173:log-group:ebitaus-cloudwatch-log-group-dev",
            "log_destination_type": "cloud-watch-logs",
            "log_format": "${version} ${account-id} ${interface-id} ${srcaddr} ${dstaddr} ${srcport} ${dstport} ${protocol} ${packets} ${bytes} ${start} ${end} ${action} ${log-status}",
            "log_group_name": "ebitaus-cloudwatch-log-group-dev",
            "max_aggregation_interval": 600,
            "subnet_id": null,
            "tags": null,
            "tags_all": {},
            "traffic_type": "ALL",
            "transit_gateway_attachment_id": null,
            "transit_gateway_id": null,
            "vpc_id": "vpc-01b5af867be85d6f7"
          },
          "sensitive_attributes": [],
          "private": "bnVsbA==",
          "dependencies": [
            "module.vpc.aws_cloudwatch_log_group.main",
            "module.vpc.aws_iam_role.vpc-flow-logs-role",
            "module.vpc.aws_vpc.main"
          ]
        }
      ]
    },
    {
      "module": "module.vpc",
      "mode": "managed",
      "type": "aws_iam_role",
      "name": "vpc-flow-logs-role",
      "provider": "provider[\"registry.terraform.io/hashicorp/aws\"]",
      "instances": [
        {
          "schema_version": 0,
          "attributes": {
            "arn": "arn:aws:iam::265058194173:role/ebitaus-vpc-flow-logs-role-dev",
            "assume_role_policy": "{\"Statement\":[{\"Action\":\"sts:AssumeRole\",\"Effect\":\"Allow\",\"Principal\":{\"Service\":\"vpc-flow-logs.amazonaws.com\"},\"Sid\":\"\"}],\"Version\":\"2012-10-17\"}",
            "create_date": "2023-09-22T08:06:11Z",
            "description": "",
            "force_detach_policies": false,
            "id": "ebitaus-vpc-flow-logs-role-dev",
            "inline_policy": [],
            "managed_policy_arns": [],
            "max_session_duration": 3600,
            "name": "ebitaus-vpc-flow-logs-role-dev",
            "name_prefix": "",
            "path": "/",
            "permissions_boundary": null,
            "role_last_used": [
              {
                "last_used_date": "",
                "region": ""
              }
            ],
            "tags": null,
            "tags_all": {},
            "unique_id": "AROAT3NVTCL6XUZT3G7DB"
          },
          "sensitive_attributes": [],
          "private": "bnVsbA=="
        }
      ]
    },
    {
      "module": "module.vpc",
      "mode": "managed",
      "type": "aws_iam_role_policy",
      "name": "vpc-flow-logs-policy",
      "provider": "provider[\"registry.terraform.io/hashicorp/aws\"]",
      "instances": [
        {
          "schema_version": 0,
          "attributes": {
            "id": "ebitaus-vpc-flow-logs-role-dev:ebitaus-vpc-flow-logs-policy-dev",
            "name": "ebitaus-vpc-flow-logs-policy-dev",
            "name_prefix": null,
            "policy": "{\"Version\":\"2012-10-17\",\"Statement\":[{\"Action\":[\"logs:CreateLogGroup\",\"logs:CreateLogStream\",\"logs:PutLogEvents\",\"logs:DescribeLogGroups\",\"logs:DescribeLogStreams\"],\"Effect\":\"Allow\",\"Resource\":\"*\"}]}",
            "role": "ebitaus-vpc-flow-logs-role-dev"
          },
          "sensitive_attributes": [],
          "private": "bnVsbA==",
          "dependencies": [
            "module.vpc.aws_iam_role.vpc-flow-logs-role"
          ]
        }
      ]
    },
    {
      "module": "module.vpc",
      "mode": "managed",
      "type": "aws_internet_gateway",
      "name": "main",
      "provider": "provider[\"registry.terraform.io/hashicorp/aws\"]",
      "instances": [
        {
          "schema_version": 0,
          "attributes": {
            "arn": "arn:aws:ec2:ap-south-1:265058194173:internet-gateway/igw-038f8f763a8debbed",
            "id": "igw-038f8f763a8debbed",
            "owner_id": "265058194173",
            "tags": {
              "Environment": "dev",
              "Name": "ebitaus-igw-dev"
            },
            "tags_all": {
              "Environment": "dev",
              "Name": "ebitaus-igw-dev"
            },
            "timeouts": null,
            "vpc_id": "vpc-01b5af867be85d6f7"
          },
          "sensitive_attributes": [],
          "private": "eyJlMmJmYjczMC1lY2FhLTExZTYtOGY4OC0zNDM2M2JjN2M0YzAiOnsiY3JlYXRlIjoxMjAwMDAwMDAwMDAwLCJkZWxldGUiOjEyMDAwMDAwMDAwMDAsInVwZGF0ZSI6MTIwMDAwMDAwMDAwMH19",
          "dependencies": [
            "module.vpc.aws_vpc.main"
          ]
        }
      ]
    },
    {
      "module": "module.vpc",
      "mode": "managed",
      "type": "aws_route",
      "name": "public",
      "provider": "provider[\"registry.terraform.io/hashicorp/aws\"]",
      "instances": [
        {
          "schema_version": 0,
          "attributes": {
            "carrier_gateway_id": "",
            "core_network_arn": "",
            "destination_cidr_block": "0.0.0.0/0",
            "destination_ipv6_cidr_block": "",
            "destination_prefix_list_id": "",
            "egress_only_gateway_id": "",
            "gateway_id": "igw-038f8f763a8debbed",
            "id": "r-rtb-0fc22b1684d195d001080289494",
            "instance_id": "",
            "instance_owner_id": "",
            "local_gateway_id": "",
            "nat_gateway_id": "",
            "network_interface_id": "",
            "origin": "CreateRoute",
            "route_table_id": "rtb-0fc22b1684d195d00",
            "state": "active",
            "timeouts": null,
            "transit_gateway_id": "",
            "vpc_endpoint_id": "",
            "vpc_peering_connection_id": ""
          },
          "sensitive_attributes": [],
          "private": "eyJlMmJmYjczMC1lY2FhLTExZTYtOGY4OC0zNDM2M2JjN2M0YzAiOnsiY3JlYXRlIjozMDAwMDAwMDAwMDAsImRlbGV0ZSI6MzAwMDAwMDAwMDAwLCJ1cGRhdGUiOjEyMDAwMDAwMDAwMH19",
          "dependencies": [
            "module.vpc.aws_internet_gateway.main",
            "module.vpc.aws_route_table.public",
            "module.vpc.aws_vpc.main"
          ]
        }
      ]
    },
    {
      "module": "module.vpc",
      "mode": "managed",
      "type": "aws_route_table",
      "name": "public",
      "provider": "provider[\"registry.terraform.io/hashicorp/aws\"]",
      "instances": [
        {
          "schema_version": 0,
          "attributes": {
            "arn": "arn:aws:ec2:ap-south-1:265058194173:route-table/rtb-0fc22b1684d195d00",
            "id": "rtb-0fc22b1684d195d00",
            "owner_id": "265058194173",
            "propagating_vgws": [],
            "route": [],
            "tags": {
              "Environment": "dev",
              "Name": "ebitaus-routing-table-public-dev"
            },
            "tags_all": {
              "Environment": "dev",
              "Name": "ebitaus-routing-table-public-dev"
            },
            "timeouts": null,
            "vpc_id": "vpc-01b5af867be85d6f7"
          },
          "sensitive_attributes": [],
          "private": "eyJlMmJmYjczMC1lY2FhLTExZTYtOGY4OC0zNDM2M2JjN2M0YzAiOnsiY3JlYXRlIjozMDAwMDAwMDAwMDAsImRlbGV0ZSI6MzAwMDAwMDAwMDAwLCJ1cGRhdGUiOjEyMDAwMDAwMDAwMH19",
          "dependencies": [
            "module.vpc.aws_vpc.main"
          ]
        }
      ]
    },
    {
      "module": "module.vpc",
      "mode": "managed",
      "type": "aws_route_table_association",
      "name": "public",
      "provider": "provider[\"registry.terraform.io/hashicorp/aws\"]",
      "instances": [
        {
          "index_key": 0,
          "schema_version": 0,
          "attributes": {
            "gateway_id": "",
            "id": "rtbassoc-06547283cc7b31df8",
            "route_table_id": "rtb-0fc22b1684d195d00",
            "subnet_id": "subnet-0df78d3c1c4618e8b",
            "timeouts": null
          },
          "sensitive_attributes": [],
          "private": "eyJlMmJmYjczMC1lY2FhLTExZTYtOGY4OC0zNDM2M2JjN2M0YzAiOnsiY3JlYXRlIjozMDAwMDAwMDAwMDAsImRlbGV0ZSI6MzAwMDAwMDAwMDAwLCJ1cGRhdGUiOjEyMDAwMDAwMDAwMH19",
          "dependencies": [
            "module.vpc.aws_route_table.public",
            "module.vpc.aws_subnet.public",
            "module.vpc.aws_vpc.main"
          ]
        },
        {
          "index_key": 1,
          "schema_version": 0,
          "attributes": {
            "gateway_id": "",
            "id": "rtbassoc-098b641256ec2495b",
            "route_table_id": "rtb-0fc22b1684d195d00",
            "subnet_id": "subnet-03947c0f564a0f027",
            "timeouts": null
          },
          "sensitive_attributes": [],
          "private": "eyJlMmJmYjczMC1lY2FhLTExZTYtOGY4OC0zNDM2M2JjN2M0YzAiOnsiY3JlYXRlIjozMDAwMDAwMDAwMDAsImRlbGV0ZSI6MzAwMDAwMDAwMDAwLCJ1cGRhdGUiOjEyMDAwMDAwMDAwMH19",
          "dependencies": [
            "module.vpc.aws_route_table.public",
            "module.vpc.aws_subnet.public",
            "module.vpc.aws_vpc.main"
          ]
        },
        {
          "index_key": 2,
          "schema_version": 0,
          "attributes": {
            "gateway_id": "",
            "id": "rtbassoc-0936ba158d628d703",
            "route_table_id": "rtb-0fc22b1684d195d00",
            "subnet_id": "subnet-099ab2b89efafb60b",
            "timeouts": null
          },
          "sensitive_attributes": [],
          "private": "eyJlMmJmYjczMC1lY2FhLTExZTYtOGY4OC0zNDM2M2JjN2M0YzAiOnsiY3JlYXRlIjozMDAwMDAwMDAwMDAsImRlbGV0ZSI6MzAwMDAwMDAwMDAwLCJ1cGRhdGUiOjEyMDAwMDAwMDAwMH19",
          "dependencies": [
            "module.vpc.aws_route_table.public",
            "module.vpc.aws_subnet.public",
            "module.vpc.aws_vpc.main"
          ]
        }
      ]
    },
    {
      "module": "module.vpc",
      "mode": "managed",
      "type": "aws_subnet",
      "name": "public",
      "provider": "provider[\"registry.terraform.io/hashicorp/aws\"]",
      "instances": [
        {
          "index_key": 0,
          "schema_version": 1,
          "attributes": {
            "arn": "arn:aws:ec2:ap-south-1:265058194173:subnet/subnet-0df78d3c1c4618e8b",
            "assign_ipv6_address_on_creation": false,
            "availability_zone": "ap-south-1a",
            "availability_zone_id": "aps1-az1",
            "cidr_block": "10.0.0.0/20",
            "customer_owned_ipv4_pool": "",
            "enable_dns64": false,
            "enable_lni_at_device_index": 0,
            "enable_resource_name_dns_a_record_on_launch": false,
            "enable_resource_name_dns_aaaa_record_on_launch": false,
            "id": "subnet-0df78d3c1c4618e8b",
            "ipv6_cidr_block": "",
            "ipv6_cidr_block_association_id": "",
            "ipv6_native": false,
            "map_customer_owned_ip_on_launch": false,
            "map_public_ip_on_launch": true,
            "outpost_arn": "",
            "owner_id": "265058194173",
            "private_dns_hostname_type_on_launch": "ip-name",
            "tags": {
              "Environment": "dev",
              "Name": "ebitaus-public-subnet-dev-001"
            },
            "tags_all": {
              "Environment": "dev",
              "Name": "ebitaus-public-subnet-dev-001"
            },
            "timeouts": null,
            "vpc_id": "vpc-01b5af867be85d6f7"
          },
          "sensitive_attributes": [],
          "private": "eyJlMmJmYjczMC1lY2FhLTExZTYtOGY4OC0zNDM2M2JjN2M0YzAiOnsiY3JlYXRlIjo2MDAwMDAwMDAwMDAsImRlbGV0ZSI6MTIwMDAwMDAwMDAwMH0sInNjaGVtYV92ZXJzaW9uIjoiMSJ9",
          "dependencies": [
            "module.vpc.aws_vpc.main"
          ]
        },
        {
          "index_key": 1,
          "schema_version": 1,
          "attributes": {
            "arn": "arn:aws:ec2:ap-south-1:265058194173:subnet/subnet-03947c0f564a0f027",
            "assign_ipv6_address_on_creation": false,
            "availability_zone": "ap-south-1b",
            "availability_zone_id": "aps1-az3",
            "cidr_block": "10.0.16.0/20",
            "customer_owned_ipv4_pool": "",
            "enable_dns64": false,
            "enable_lni_at_device_index": 0,
            "enable_resource_name_dns_a_record_on_launch": false,
            "enable_resource_name_dns_aaaa_record_on_launch": false,
            "id": "subnet-03947c0f564a0f027",
            "ipv6_cidr_block": "",
            "ipv6_cidr_block_association_id": "",
            "ipv6_native": false,
            "map_customer_owned_ip_on_launch": false,
            "map_public_ip_on_launch": true,
            "outpost_arn": "",
            "owner_id": "265058194173",
            "private_dns_hostname_type_on_launch": "ip-name",
            "tags": {
              "Environment": "dev",
              "Name": "ebitaus-public-subnet-dev-002"
            },
            "tags_all": {
              "Environment": "dev",
              "Name": "ebitaus-public-subnet-dev-002"
            },
            "timeouts": null,
            "vpc_id": "vpc-01b5af867be85d6f7"
          },
          "sensitive_attributes": [],
          "private": "eyJlMmJmYjczMC1lY2FhLTExZTYtOGY4OC0zNDM2M2JjN2M0YzAiOnsiY3JlYXRlIjo2MDAwMDAwMDAwMDAsImRlbGV0ZSI6MTIwMDAwMDAwMDAwMH0sInNjaGVtYV92ZXJzaW9uIjoiMSJ9",
          "dependencies": [
            "module.vpc.aws_vpc.main"
          ]
        },
        {
          "index_key": 2,
          "schema_version": 1,
          "attributes": {
            "arn": "arn:aws:ec2:ap-south-1:265058194173:subnet/subnet-099ab2b89efafb60b",
            "assign_ipv6_address_on_creation": false,
            "availability_zone": "ap-south-1c",
            "availability_zone_id": "aps1-az2",
            "cidr_block": "10.0.32.0/20",
            "customer_owned_ipv4_pool": "",
            "enable_dns64": false,
            "enable_lni_at_device_index": 0,
            "enable_resource_name_dns_a_record_on_launch": false,
            "enable_resource_name_dns_aaaa_record_on_launch": false,
            "id": "subnet-099ab2b89efafb60b",
            "ipv6_cidr_block": "",
            "ipv6_cidr_block_association_id": "",
            "ipv6_native": false,
            "map_customer_owned_ip_on_launch": false,
            "map_public_ip_on_launch": true,
            "outpost_arn": "",
            "owner_id": "265058194173",
            "private_dns_hostname_type_on_launch": "ip-name",
            "tags": {
              "Environment": "dev",
              "Name": "ebitaus-public-subnet-dev-003"
            },
            "tags_all": {
              "Environment": "dev",
              "Name": "ebitaus-public-subnet-dev-003"
            },
            "timeouts": null,
            "vpc_id": "vpc-01b5af867be85d6f7"
          },
          "sensitive_attributes": [],
          "private": "eyJlMmJmYjczMC1lY2FhLTExZTYtOGY4OC0zNDM2M2JjN2M0YzAiOnsiY3JlYXRlIjo2MDAwMDAwMDAwMDAsImRlbGV0ZSI6MTIwMDAwMDAwMDAwMH0sInNjaGVtYV92ZXJzaW9uIjoiMSJ9",
          "dependencies": [
            "module.vpc.aws_vpc.main"
          ]
        }
      ]
    },
    {
      "module": "module.vpc",
      "mode": "managed",
      "type": "aws_vpc",
      "name": "main",
      "provider": "provider[\"registry.terraform.io/hashicorp/aws\"]",
      "instances": [
        {
          "schema_version": 1,
          "attributes": {
            "arn": "arn:aws:ec2:ap-south-1:265058194173:vpc/vpc-01b5af867be85d6f7",
            "assign_generated_ipv6_cidr_block": false,
            "cidr_block": "10.0.0.0/16",
            "default_network_acl_id": "acl-03f8535f2e9252d34",
            "default_route_table_id": "rtb-007eb4d23b99e8e11",
            "default_security_group_id": "sg-0a143491a34217483",
            "dhcp_options_id": "dopt-04473ae32812fdd60",
            "enable_classiclink": false,
            "enable_classiclink_dns_support": false,
            "enable_dns_hostnames": true,
            "enable_dns_support": true,
            "enable_network_address_usage_metrics": false,
            "id": "vpc-01b5af867be85d6f7",
            "instance_tenancy": "default",
            "ipv4_ipam_pool_id": null,
            "ipv4_netmask_length": null,
            "ipv6_association_id": "",
            "ipv6_cidr_block": "",
            "ipv6_cidr_block_network_border_group": "",
            "ipv6_ipam_pool_id": "",
            "ipv6_netmask_length": 0,
            "main_route_table_id": "rtb-007eb4d23b99e8e11",
            "owner_id": "265058194173",
            "tags": {
              "Environment": "dev",
              "Name": "ebitaus-vpc-dev"
            },
            "tags_all": {
              "Environment": "dev",
              "Name": "ebitaus-vpc-dev"
            }
          },
          "sensitive_attributes": [],
          "private": "eyJzY2hlbWFfdmVyc2lvbiI6IjEifQ=="
        }
      ]
    }
  ]
}
